// !$*UTF8*$!
{
	archiveVersion = 1;
	classes = {
	};
	objectVersion = 51;
	objects = {

/* Begin PBXBuildFile section */
		51F0B511CCE2110A84CAB749 /* Pods_Prolific.framework in Frameworks */ = {isa = PBXBuildFile; fileRef = 857E25E4A6E5BA8668A54203 /* Pods_Prolific.framework */; };
		710D62BD24DA191800DAFBD8 /* ProlificBaseViewController.m in Sources */ = {isa = PBXBuildFile; fileRef = 7191118324BD1D6500070A32 /* ProlificBaseViewController.m */; };
		710D62BE24DA197200DAFBD8 /* ComposeSnippetViewController.m in Sources */ = {isa = PBXBuildFile; fileRef = 714D1F8024C25D2D00749291 /* ComposeSnippetViewController.m */; };
		711746E224BFBE570021F9CD /* SnippetBuilder.m in Sources */ = {isa = PBXBuildFile; fileRef = 711746E124BFBE570021F9CD /* SnippetBuilder.m */; };
		711746E524BFC4F00021F9CD /* RoundBuilder.m in Sources */ = {isa = PBXBuildFile; fileRef = 711746E424BFC4F00021F9CD /* RoundBuilder.m */; };
		7118C3F324BE888F005E1816 /* Entity.m in Sources */ = {isa = PBXBuildFile; fileRef = 7118C3F224BE888F005E1816 /* Entity.m */; };
		7118C3F624BF607D005E1816 /* Snippet.m in Sources */ = {isa = PBXBuildFile; fileRef = 7118C3F524BF607D005E1816 /* Snippet.m */; };
		7118C3FC24BF681F005E1816 /* Round.m in Sources */ = {isa = PBXBuildFile; fileRef = 7118C3FB24BF681F005E1816 /* Round.m */; };
		7118C40924BFA25A005E1816 /* User.m in Sources */ = {isa = PBXBuildFile; fileRef = 7118C3EE24BE7267005E1816 /* User.m */; };
		7118C40A24BFA283005E1816 /* UserBuilder.m in Sources */ = {isa = PBXBuildFile; fileRef = 7118C40124BF6BD5005E1816 /* UserBuilder.m */; };
		711F75EA24D1D24B0050D5CF /* UserEngagementManager.m in Sources */ = {isa = PBXBuildFile; fileRef = 711F75E924D1D24B0050D5CF /* UserEngagementManager.m */; };
		711F75EE24D22BE00050D5CF /* RoundRanker.m in Sources */ = {isa = PBXBuildFile; fileRef = 711F75ED24D22BE00050D5CF /* RoundRanker.m */; };
		712A9DFA24DB657A00B608ED /* Badge.m in Sources */ = {isa = PBXBuildFile; fileRef = 712A9DF924DB657A00B608ED /* Badge.m */; };
		712A9DFE24DB659E00B608ED /* BadgeBuilder.m in Sources */ = {isa = PBXBuildFile; fileRef = 712A9DFD24DB659E00B608ED /* BadgeBuilder.m */; };
		712A9E0424DC786F00B608ED /* ProlificErrorLogger.m in Sources */ = {isa = PBXBuildFile; fileRef = 712A9E0124DBD73600B608ED /* ProlificErrorLogger.m */; };
		712A9E0724DCA18B00B608ED /* HorizontalProgressBar.m in Sources */ = {isa = PBXBuildFile; fileRef = 712A9E0624DCA18B00B608ED /* HorizontalProgressBar.m */; };
		713AA08C24C101B100A5950E /* ProjectBuilder.m in Sources */ = {isa = PBXBuildFile; fileRef = 7118C3FE24BF6BCC005E1816 /* ProjectBuilder.m */; };
		713AA08D24C1061F00A5950E /* Project.m in Sources */ = {isa = PBXBuildFile; fileRef = 7118C3F824BF67E7005E1816 /* Project.m */; };
		71483FF824CB9680004B352E /* ProfileViewController.m in Sources */ = {isa = PBXBuildFile; fileRef = 71483FF724CB9680004B352E /* ProfileViewController.m */; };
		714D1F8224C2C1B100749291 /* ProjectDetailsViewController.m in Sources */ = {isa = PBXBuildFile; fileRef = 7165D15124BE056C008E64CD /* ProjectDetailsViewController.m */; };
		7165D15A24BE1B17008E64CD /* RegisterViewController.m in Sources */ = {isa = PBXBuildFile; fileRef = 7165D15924BE1B17008E64CD /* RegisterViewController.m */; };
		7165D15C24BE3BA5008E64CD /* GoogleService-Info.plist in Resources */ = {isa = PBXBuildFile; fileRef = 7165D15B24BE3BA5008E64CD /* GoogleService-Info.plist */; };
		7165D15D24BE3BA5008E64CD /* GoogleService-Info.plist in Resources */ = {isa = PBXBuildFile; fileRef = 7165D15B24BE3BA5008E64CD /* GoogleService-Info.plist */; };
		7165D15E24BE3BA5008E64CD /* GoogleService-Info.plist in Resources */ = {isa = PBXBuildFile; fileRef = 7165D15B24BE3BA5008E64CD /* GoogleService-Info.plist */; };
		717D22E524DDE98200A24B20 /* FloatingActionButton.m in Sources */ = {isa = PBXBuildFile; fileRef = 717D22E224DDE83500A24B20 /* FloatingActionButton.m */; };
		717D22E924DDEA8D00A24B20 /* CreateProjectViewController.m in Sources */ = {isa = PBXBuildFile; fileRef = 717D22E824DDEA8D00A24B20 /* CreateProjectViewController.m */; };
		7186FB2D24D4E01600B2F4A0 /* 7773-loading.json in Resources */ = {isa = PBXBuildFile; fileRef = 7186FB2C24D4E01600B2F4A0 /* 7773-loading.json */; };
		7186FB3024D4ECC000B2F4A0 /* 6541-loading.json in Resources */ = {isa = PBXBuildFile; fileRef = 7186FB2E24D4ECC000B2F4A0 /* 6541-loading.json */; };
		7188D85224C6521900E50876 /* BaseCell.m in Sources */ = {isa = PBXBuildFile; fileRef = 7188D85124C6521900E50876 /* BaseCell.m */; };
		7188D85524C6522D00E50876 /* SnippetCell.m in Sources */ = {isa = PBXBuildFile; fileRef = 7188D85424C6522D00E50876 /* SnippetCell.m */; };
		7188D85824C6526F00E50876 /* RoundCell.m in Sources */ = {isa = PBXBuildFile; fileRef = 7188D85724C6526F00E50876 /* RoundCell.m */; };
		7188D85B24C655AB00E50876 /* ProjectCellView.m in Sources */ = {isa = PBXBuildFile; fileRef = 7188D85A24C655AB00E50876 /* ProjectCellView.m */; };
		7188D85C24C6568C00E50876 /* ProjectCell.m in Sources */ = {isa = PBXBuildFile; fileRef = 7165D15524BE0AE7008E64CD /* ProjectCell.m */; };
		7191113924BCBD9B00070A32 /* AppDelegate.m in Sources */ = {isa = PBXBuildFile; fileRef = 7191113824BCBD9B00070A32 /* AppDelegate.m */; };
		7191113C24BCBD9B00070A32 /* SceneDelegate.m in Sources */ = {isa = PBXBuildFile; fileRef = 7191113B24BCBD9B00070A32 /* SceneDelegate.m */; };
		7191114424BCBD9C00070A32 /* Assets.xcassets in Resources */ = {isa = PBXBuildFile; fileRef = 7191114324BCBD9C00070A32 /* Assets.xcassets */; };
		7191114724BCBD9C00070A32 /* LaunchScreen.storyboard in Resources */ = {isa = PBXBuildFile; fileRef = 7191114524BCBD9C00070A32 /* LaunchScreen.storyboard */; };
		7191114A24BCBD9C00070A32 /* main.m in Sources */ = {isa = PBXBuildFile; fileRef = 7191114924BCBD9C00070A32 /* main.m */; };
		7191115424BCBD9C00070A32 /* ProlificTests.m in Sources */ = {isa = PBXBuildFile; fileRef = 7191115324BCBD9C00070A32 /* ProlificTests.m */; };
		7191115F24BCBD9C00070A32 /* ProlificUITests.m in Sources */ = {isa = PBXBuildFile; fileRef = 7191115E24BCBD9C00070A32 /* ProlificUITests.m */; };
		7191117C24BD05C700070A32 /* MainTabBarController.m in Sources */ = {isa = PBXBuildFile; fileRef = 7191117B24BD05C700070A32 /* MainTabBarController.m */; };
		7191118124BD11CE00070A32 /* FavoritesViewController.m in Sources */ = {isa = PBXBuildFile; fileRef = 7191117824BD05A000070A32 /* FavoritesViewController.m */; };
		7191118824BD234200070A32 /* LoginViewController.m in Sources */ = {isa = PBXBuildFile; fileRef = 7191116D24BCD30E00070A32 /* LoginViewController.m */; };
		71A3076F24D09FF700F11B94 /* FollowButton.m in Sources */ = {isa = PBXBuildFile; fileRef = 71A3076E24D09FF700F11B94 /* FollowButton.m */; };
		71AA8EE424BFA60B00F7F9E1 /* HomeViewController.m in Sources */ = {isa = PBXBuildFile; fileRef = 7191113E24BCBD9B00070A32 /* HomeViewController.m */; };
		71C2C70224D86ED200C22C41 /* FlipAnimator.m in Sources */ = {isa = PBXBuildFile; fileRef = 71C2C70124D86ED200C22C41 /* FlipAnimator.m */; };
		71C2C70924D8C8DD00C22C41 /* ProfileView.m in Sources */ = {isa = PBXBuildFile; fileRef = 71C2C70824D8C8DD00C22C41 /* ProfileView.m */; };
		71C2C70E24D8D05600C22C41 /* BadgeCell.m in Sources */ = {isa = PBXBuildFile; fileRef = 71C2C70C24D8CDDB00C22C41 /* BadgeCell.m */; };
		71C2D81F24CF679900E12391 /* CircularProgressBar.m in Sources */ = {isa = PBXBuildFile; fileRef = 71C2D81E24CF679900E12391 /* CircularProgressBar.m */; };
		71C2D82424CF957500E12391 /* TextCell.m in Sources */ = {isa = PBXBuildFile; fileRef = 71C2D82324CF957500E12391 /* TextCell.m */; };
		71CF520624C66CC9008DB4EF /* BaseCellView.m in Sources */ = {isa = PBXBuildFile; fileRef = 71CF520524C66CC9008DB4EF /* BaseCellView.m */; };
		71CF520924C66CF8008DB4EF /* SnippetCellView.m in Sources */ = {isa = PBXBuildFile; fileRef = 71CF520824C66CF8008DB4EF /* SnippetCellView.m */; };
		71CF520A24C6CD76008DB4EF /* NavigationManager.m in Sources */ = {isa = PBXBuildFile; fileRef = 7191117E24BD088000070A32 /* NavigationManager.m */; };
		71CF521424C74B32008DB4EF /* SubmissionsViewController.m in Sources */ = {isa = PBXBuildFile; fileRef = 71CF520124C65B2F008DB4EF /* SubmissionsViewController.m */; };
		71CF521824C7787B008DB4EF /* CountLabel.m in Sources */ = {isa = PBXBuildFile; fileRef = 71CF521724C7787B008DB4EF /* CountLabel.m */; };
		71CF521C24C77D14008DB4EF /* VoteButton.m in Sources */ = {isa = PBXBuildFile; fileRef = 71CF521B24C77D14008DB4EF /* VoteButton.m */; };
		71CF521D24C7A32A008DB4EF /* DAO.m in Sources */ = {isa = PBXBuildFile; fileRef = 713AA08A24C0E1E000A5950E /* DAO.m */; };
		71CF522124C891F5008DB4EF /* UIColor+ProlificColors.m in Sources */ = {isa = PBXBuildFile; fileRef = 71CF522024C891F5008DB4EF /* UIColor+ProlificColors.m */; };
		71CF522524C9257A008DB4EF /* ProlificUtils.m in Sources */ = {isa = PBXBuildFile; fileRef = 71CF522424C9257A008DB4EF /* ProlificUtils.m */; };
		71F55C4624CA36C000B266BF /* RoundCellView.m in Sources */ = {isa = PBXBuildFile; fileRef = 71F55C4524CA36C000B266BF /* RoundCellView.m */; };
		71F55C4E24CB388300B266BF /* ProjectUpdateManager.m in Sources */ = {isa = PBXBuildFile; fileRef = 71F55C4D24CB388300B266BF /* ProjectUpdateManager.m */; };
		71F5B62124E1EC0800680723 /* MenuBar.m in Sources */ = {isa = PBXBuildFile; fileRef = 71F5B62024E1EC0800680723 /* MenuBar.m */; };
		71F5B62924E32CCA00680723 /* FeedCell.m in Sources */ = {isa = PBXBuildFile; fileRef = 71F5B62824E32CCA00680723 /* FeedCell.m */; };
		71F5B62D24E350A500680723 /* ProjectFeedCell.m in Sources */ = {isa = PBXBuildFile; fileRef = 71F5B62C24E350A500680723 /* ProjectFeedCell.m */; };
		71F5B63124E352DD00680723 /* BadgeFeedCell.m in Sources */ = {isa = PBXBuildFile; fileRef = 71F5B63024E352DD00680723 /* BadgeFeedCell.m */; };
		86F3C557F479B3798BC49C95 /* Pods_ProlificTests.framework in Frameworks */ = {isa = PBXBuildFile; fileRef = EB03C61541226EFB796BBF6A /* Pods_ProlificTests.framework */; };
		997BE3BC4EFE358335110F9D /* Pods_Prolific_ProlificUITests.framework in Frameworks */ = {isa = PBXBuildFile; fileRef = 5E3D2C3AAC694839A4E80583 /* Pods_Prolific_ProlificUITests.framework */; };
/* End PBXBuildFile section */

/* Begin PBXContainerItemProxy section */
		7191115024BCBD9C00070A32 /* PBXContainerItemProxy */ = {
			isa = PBXContainerItemProxy;
			containerPortal = 7191112C24BCBD9B00070A32 /* Project object */;
			proxyType = 1;
			remoteGlobalIDString = 7191113324BCBD9B00070A32;
			remoteInfo = Prolific;
		};
		7191115B24BCBD9C00070A32 /* PBXContainerItemProxy */ = {
			isa = PBXContainerItemProxy;
			containerPortal = 7191112C24BCBD9B00070A32 /* Project object */;
			proxyType = 1;
			remoteGlobalIDString = 7191113324BCBD9B00070A32;
			remoteInfo = Prolific;
		};
/* End PBXContainerItemProxy section */

/* Begin PBXFileReference section */
		36448502AFBC63625D8F6DF6 /* Pods-Prolific.debug.xcconfig */ = {isa = PBXFileReference; includeInIndex = 1; lastKnownFileType = text.xcconfig; name = "Pods-Prolific.debug.xcconfig"; path = "Target Support Files/Pods-Prolific/Pods-Prolific.debug.xcconfig"; sourceTree = "<group>"; };
		5E3D2C3AAC694839A4E80583 /* Pods_Prolific_ProlificUITests.framework */ = {isa = PBXFileReference; explicitFileType = wrapper.framework; includeInIndex = 0; path = Pods_Prolific_ProlificUITests.framework; sourceTree = BUILT_PRODUCTS_DIR; };
		711746E024BFBE570021F9CD /* SnippetBuilder.h */ = {isa = PBXFileReference; lastKnownFileType = sourcecode.c.h; path = SnippetBuilder.h; sourceTree = "<group>"; };
		711746E124BFBE570021F9CD /* SnippetBuilder.m */ = {isa = PBXFileReference; lastKnownFileType = sourcecode.c.objc; path = SnippetBuilder.m; sourceTree = "<group>"; };
		711746E324BFC4F00021F9CD /* RoundBuilder.h */ = {isa = PBXFileReference; lastKnownFileType = sourcecode.c.h; path = RoundBuilder.h; sourceTree = "<group>"; };
		711746E424BFC4F00021F9CD /* RoundBuilder.m */ = {isa = PBXFileReference; lastKnownFileType = sourcecode.c.objc; path = RoundBuilder.m; sourceTree = "<group>"; };
		7118C3ED24BE7267005E1816 /* User.h */ = {isa = PBXFileReference; lastKnownFileType = sourcecode.c.h; path = User.h; sourceTree = "<group>"; };
		7118C3EE24BE7267005E1816 /* User.m */ = {isa = PBXFileReference; lastKnownFileType = sourcecode.c.objc; path = User.m; sourceTree = "<group>"; };
		7118C3F124BE888F005E1816 /* Entity.h */ = {isa = PBXFileReference; lastKnownFileType = sourcecode.c.h; path = Entity.h; sourceTree = "<group>"; };
		7118C3F224BE888F005E1816 /* Entity.m */ = {isa = PBXFileReference; lastKnownFileType = sourcecode.c.objc; path = Entity.m; sourceTree = "<group>"; };
		7118C3F424BF607D005E1816 /* Snippet.h */ = {isa = PBXFileReference; lastKnownFileType = sourcecode.c.h; path = Snippet.h; sourceTree = "<group>"; };
		7118C3F524BF607D005E1816 /* Snippet.m */ = {isa = PBXFileReference; lastKnownFileType = sourcecode.c.objc; path = Snippet.m; sourceTree = "<group>"; };
		7118C3F724BF67E7005E1816 /* Project.h */ = {isa = PBXFileReference; lastKnownFileType = sourcecode.c.h; path = Project.h; sourceTree = "<group>"; };
		7118C3F824BF67E7005E1816 /* Project.m */ = {isa = PBXFileReference; lastKnownFileType = sourcecode.c.objc; path = Project.m; sourceTree = "<group>"; };
		7118C3FA24BF681F005E1816 /* Round.h */ = {isa = PBXFileReference; lastKnownFileType = sourcecode.c.h; path = Round.h; sourceTree = "<group>"; };
		7118C3FB24BF681F005E1816 /* Round.m */ = {isa = PBXFileReference; lastKnownFileType = sourcecode.c.objc; path = Round.m; sourceTree = "<group>"; };
		7118C3FD24BF6BCC005E1816 /* ProjectBuilder.h */ = {isa = PBXFileReference; lastKnownFileType = sourcecode.c.h; path = ProjectBuilder.h; sourceTree = "<group>"; };
		7118C3FE24BF6BCC005E1816 /* ProjectBuilder.m */ = {isa = PBXFileReference; lastKnownFileType = sourcecode.c.objc; path = ProjectBuilder.m; sourceTree = "<group>"; };
		7118C40024BF6BD5005E1816 /* UserBuilder.h */ = {isa = PBXFileReference; lastKnownFileType = sourcecode.c.h; path = UserBuilder.h; sourceTree = "<group>"; };
		7118C40124BF6BD5005E1816 /* UserBuilder.m */ = {isa = PBXFileReference; lastKnownFileType = sourcecode.c.objc; path = UserBuilder.m; sourceTree = "<group>"; };
		711F75E824D1D24B0050D5CF /* UserEngagementManager.h */ = {isa = PBXFileReference; lastKnownFileType = sourcecode.c.h; path = UserEngagementManager.h; sourceTree = "<group>"; };
		711F75E924D1D24B0050D5CF /* UserEngagementManager.m */ = {isa = PBXFileReference; lastKnownFileType = sourcecode.c.objc; path = UserEngagementManager.m; sourceTree = "<group>"; };
		711F75EC24D22BE00050D5CF /* RoundRanker.h */ = {isa = PBXFileReference; lastKnownFileType = sourcecode.c.h; path = RoundRanker.h; sourceTree = "<group>"; };
		711F75ED24D22BE00050D5CF /* RoundRanker.m */ = {isa = PBXFileReference; lastKnownFileType = sourcecode.c.objc; path = RoundRanker.m; sourceTree = "<group>"; };
		712A9DF824DB657A00B608ED /* Badge.h */ = {isa = PBXFileReference; lastKnownFileType = sourcecode.c.h; path = Badge.h; sourceTree = "<group>"; };
		712A9DF924DB657A00B608ED /* Badge.m */ = {isa = PBXFileReference; lastKnownFileType = sourcecode.c.objc; path = Badge.m; sourceTree = "<group>"; };
		712A9DFC24DB659E00B608ED /* BadgeBuilder.h */ = {isa = PBXFileReference; lastKnownFileType = sourcecode.c.h; path = BadgeBuilder.h; sourceTree = "<group>"; };
		712A9DFD24DB659E00B608ED /* BadgeBuilder.m */ = {isa = PBXFileReference; lastKnownFileType = sourcecode.c.objc; path = BadgeBuilder.m; sourceTree = "<group>"; };
		712A9E0024DBD73600B608ED /* ProlificErrorLogger.h */ = {isa = PBXFileReference; lastKnownFileType = sourcecode.c.h; path = ProlificErrorLogger.h; sourceTree = "<group>"; };
		712A9E0124DBD73600B608ED /* ProlificErrorLogger.m */ = {isa = PBXFileReference; lastKnownFileType = sourcecode.c.objc; path = ProlificErrorLogger.m; sourceTree = "<group>"; };
		712A9E0524DCA18B00B608ED /* HorizontalProgressBar.h */ = {isa = PBXFileReference; lastKnownFileType = sourcecode.c.h; path = HorizontalProgressBar.h; sourceTree = "<group>"; };
		712A9E0624DCA18B00B608ED /* HorizontalProgressBar.m */ = {isa = PBXFileReference; lastKnownFileType = sourcecode.c.objc; path = HorizontalProgressBar.m; sourceTree = "<group>"; };
		713AA08924C0E1E000A5950E /* DAO.h */ = {isa = PBXFileReference; lastKnownFileType = sourcecode.c.h; path = DAO.h; sourceTree = "<group>"; };
		713AA08A24C0E1E000A5950E /* DAO.m */ = {isa = PBXFileReference; lastKnownFileType = sourcecode.c.objc; path = DAO.m; sourceTree = "<group>"; };
		71483FF624CB9680004B352E /* ProfileViewController.h */ = {isa = PBXFileReference; lastKnownFileType = sourcecode.c.h; path = ProfileViewController.h; sourceTree = "<group>"; };
		71483FF724CB9680004B352E /* ProfileViewController.m */ = {isa = PBXFileReference; lastKnownFileType = sourcecode.c.objc; path = ProfileViewController.m; sourceTree = "<group>"; };
		714D1F7F24C25D2D00749291 /* ComposeSnippetViewController.h */ = {isa = PBXFileReference; lastKnownFileType = sourcecode.c.h; path = ComposeSnippetViewController.h; sourceTree = "<group>"; };
		714D1F8024C25D2D00749291 /* ComposeSnippetViewController.m */ = {isa = PBXFileReference; lastKnownFileType = sourcecode.c.objc; path = ComposeSnippetViewController.m; sourceTree = "<group>"; };
		7165D15024BE056C008E64CD /* ProjectDetailsViewController.h */ = {isa = PBXFileReference; lastKnownFileType = sourcecode.c.h; path = ProjectDetailsViewController.h; sourceTree = "<group>"; };
		7165D15124BE056C008E64CD /* ProjectDetailsViewController.m */ = {isa = PBXFileReference; lastKnownFileType = sourcecode.c.objc; path = ProjectDetailsViewController.m; sourceTree = "<group>"; };
		7165D15424BE0AE7008E64CD /* ProjectCell.h */ = {isa = PBXFileReference; lastKnownFileType = sourcecode.c.h; path = ProjectCell.h; sourceTree = "<group>"; };
		7165D15524BE0AE7008E64CD /* ProjectCell.m */ = {isa = PBXFileReference; lastKnownFileType = sourcecode.c.objc; path = ProjectCell.m; sourceTree = "<group>"; };
		7165D15824BE1B17008E64CD /* RegisterViewController.h */ = {isa = PBXFileReference; lastKnownFileType = sourcecode.c.h; path = RegisterViewController.h; sourceTree = "<group>"; };
		7165D15924BE1B17008E64CD /* RegisterViewController.m */ = {isa = PBXFileReference; lastKnownFileType = sourcecode.c.objc; path = RegisterViewController.m; sourceTree = "<group>"; };
		7165D15B24BE3BA5008E64CD /* GoogleService-Info.plist */ = {isa = PBXFileReference; fileEncoding = 4; lastKnownFileType = text.plist.xml; path = "GoogleService-Info.plist"; sourceTree = "<group>"; };
		717D22E124DDE83500A24B20 /* FloatingActionButton.h */ = {isa = PBXFileReference; lastKnownFileType = sourcecode.c.h; path = FloatingActionButton.h; sourceTree = "<group>"; };
		717D22E224DDE83500A24B20 /* FloatingActionButton.m */ = {isa = PBXFileReference; lastKnownFileType = sourcecode.c.objc; path = FloatingActionButton.m; sourceTree = "<group>"; };
		717D22E724DDEA8D00A24B20 /* CreateProjectViewController.h */ = {isa = PBXFileReference; lastKnownFileType = sourcecode.c.h; path = CreateProjectViewController.h; sourceTree = "<group>"; };
		717D22E824DDEA8D00A24B20 /* CreateProjectViewController.m */ = {isa = PBXFileReference; lastKnownFileType = sourcecode.c.objc; path = CreateProjectViewController.m; sourceTree = "<group>"; };
		7186FB2C24D4E01600B2F4A0 /* 7773-loading.json */ = {isa = PBXFileReference; fileEncoding = 4; lastKnownFileType = text.json; path = "7773-loading.json"; sourceTree = "<group>"; };
		7186FB2E24D4ECC000B2F4A0 /* 6541-loading.json */ = {isa = PBXFileReference; fileEncoding = 4; lastKnownFileType = text.json; path = "6541-loading.json"; sourceTree = "<group>"; };
		7188D85024C6521900E50876 /* BaseCell.h */ = {isa = PBXFileReference; lastKnownFileType = sourcecode.c.h; path = BaseCell.h; sourceTree = "<group>"; };
		7188D85124C6521900E50876 /* BaseCell.m */ = {isa = PBXFileReference; lastKnownFileType = sourcecode.c.objc; path = BaseCell.m; sourceTree = "<group>"; };
		7188D85324C6522D00E50876 /* SnippetCell.h */ = {isa = PBXFileReference; lastKnownFileType = sourcecode.c.h; path = SnippetCell.h; sourceTree = "<group>"; };
		7188D85424C6522D00E50876 /* SnippetCell.m */ = {isa = PBXFileReference; lastKnownFileType = sourcecode.c.objc; path = SnippetCell.m; sourceTree = "<group>"; };
		7188D85624C6526F00E50876 /* RoundCell.h */ = {isa = PBXFileReference; lastKnownFileType = sourcecode.c.h; path = RoundCell.h; sourceTree = "<group>"; };
		7188D85724C6526F00E50876 /* RoundCell.m */ = {isa = PBXFileReference; lastKnownFileType = sourcecode.c.objc; path = RoundCell.m; sourceTree = "<group>"; };
		7188D85924C655AB00E50876 /* ProjectCellView.h */ = {isa = PBXFileReference; lastKnownFileType = sourcecode.c.h; path = ProjectCellView.h; sourceTree = "<group>"; };
		7188D85A24C655AB00E50876 /* ProjectCellView.m */ = {isa = PBXFileReference; lastKnownFileType = sourcecode.c.objc; path = ProjectCellView.m; sourceTree = "<group>"; };
		7191113424BCBD9B00070A32 /* Prolific.app */ = {isa = PBXFileReference; explicitFileType = wrapper.application; includeInIndex = 0; path = Prolific.app; sourceTree = BUILT_PRODUCTS_DIR; };
		7191113724BCBD9B00070A32 /* AppDelegate.h */ = {isa = PBXFileReference; lastKnownFileType = sourcecode.c.h; path = AppDelegate.h; sourceTree = "<group>"; };
		7191113824BCBD9B00070A32 /* AppDelegate.m */ = {isa = PBXFileReference; lastKnownFileType = sourcecode.c.objc; path = AppDelegate.m; sourceTree = "<group>"; };
		7191113A24BCBD9B00070A32 /* SceneDelegate.h */ = {isa = PBXFileReference; lastKnownFileType = sourcecode.c.h; path = SceneDelegate.h; sourceTree = "<group>"; };
		7191113B24BCBD9B00070A32 /* SceneDelegate.m */ = {isa = PBXFileReference; lastKnownFileType = sourcecode.c.objc; path = SceneDelegate.m; sourceTree = "<group>"; };
		7191113D24BCBD9B00070A32 /* HomeViewController.h */ = {isa = PBXFileReference; lastKnownFileType = sourcecode.c.h; path = HomeViewController.h; sourceTree = "<group>"; };
		7191113E24BCBD9B00070A32 /* HomeViewController.m */ = {isa = PBXFileReference; lastKnownFileType = sourcecode.c.objc; path = HomeViewController.m; sourceTree = "<group>"; };
		7191114324BCBD9C00070A32 /* Assets.xcassets */ = {isa = PBXFileReference; lastKnownFileType = folder.assetcatalog; path = Assets.xcassets; sourceTree = "<group>"; };
		7191114624BCBD9C00070A32 /* Base */ = {isa = PBXFileReference; lastKnownFileType = file.storyboard; name = Base; path = Base.lproj/LaunchScreen.storyboard; sourceTree = "<group>"; };
		7191114824BCBD9C00070A32 /* Info.plist */ = {isa = PBXFileReference; lastKnownFileType = text.plist.xml; path = Info.plist; sourceTree = "<group>"; };
		7191114924BCBD9C00070A32 /* main.m */ = {isa = PBXFileReference; lastKnownFileType = sourcecode.c.objc; path = main.m; sourceTree = "<group>"; };
		7191114F24BCBD9C00070A32 /* ProlificTests.xctest */ = {isa = PBXFileReference; explicitFileType = wrapper.cfbundle; includeInIndex = 0; path = ProlificTests.xctest; sourceTree = BUILT_PRODUCTS_DIR; };
		7191115324BCBD9C00070A32 /* ProlificTests.m */ = {isa = PBXFileReference; lastKnownFileType = sourcecode.c.objc; path = ProlificTests.m; sourceTree = "<group>"; };
		7191115524BCBD9C00070A32 /* Info.plist */ = {isa = PBXFileReference; lastKnownFileType = text.plist.xml; path = Info.plist; sourceTree = "<group>"; };
		7191115A24BCBD9C00070A32 /* ProlificUITests.xctest */ = {isa = PBXFileReference; explicitFileType = wrapper.cfbundle; includeInIndex = 0; path = ProlificUITests.xctest; sourceTree = BUILT_PRODUCTS_DIR; };
		7191115E24BCBD9C00070A32 /* ProlificUITests.m */ = {isa = PBXFileReference; lastKnownFileType = sourcecode.c.objc; path = ProlificUITests.m; sourceTree = "<group>"; };
		7191116024BCBD9C00070A32 /* Info.plist */ = {isa = PBXFileReference; lastKnownFileType = text.plist.xml; path = Info.plist; sourceTree = "<group>"; };
		7191116C24BCD30E00070A32 /* LoginViewController.h */ = {isa = PBXFileReference; lastKnownFileType = sourcecode.c.h; path = LoginViewController.h; sourceTree = "<group>"; };
		7191116D24BCD30E00070A32 /* LoginViewController.m */ = {isa = PBXFileReference; lastKnownFileType = sourcecode.c.objc; path = LoginViewController.m; sourceTree = "<group>"; };
		7191117724BD05A000070A32 /* FavoritesViewController.h */ = {isa = PBXFileReference; lastKnownFileType = sourcecode.c.h; path = FavoritesViewController.h; sourceTree = "<group>"; };
		7191117824BD05A000070A32 /* FavoritesViewController.m */ = {isa = PBXFileReference; lastKnownFileType = sourcecode.c.objc; path = FavoritesViewController.m; sourceTree = "<group>"; };
		7191117A24BD05C700070A32 /* MainTabBarController.h */ = {isa = PBXFileReference; lastKnownFileType = sourcecode.c.h; path = MainTabBarController.h; sourceTree = "<group>"; };
		7191117B24BD05C700070A32 /* MainTabBarController.m */ = {isa = PBXFileReference; lastKnownFileType = sourcecode.c.objc; path = MainTabBarController.m; sourceTree = "<group>"; };
		7191117D24BD088000070A32 /* NavigationManager.h */ = {isa = PBXFileReference; lastKnownFileType = sourcecode.c.h; path = NavigationManager.h; sourceTree = "<group>"; };
		7191117E24BD088000070A32 /* NavigationManager.m */ = {isa = PBXFileReference; lastKnownFileType = sourcecode.c.objc; path = NavigationManager.m; sourceTree = "<group>"; };
		7191118224BD1D6500070A32 /* ProlificBaseViewController.h */ = {isa = PBXFileReference; lastKnownFileType = sourcecode.c.h; path = ProlificBaseViewController.h; sourceTree = "<group>"; };
		7191118324BD1D6500070A32 /* ProlificBaseViewController.m */ = {isa = PBXFileReference; lastKnownFileType = sourcecode.c.objc; path = ProlificBaseViewController.m; sourceTree = "<group>"; };
		71A3076D24D09FF700F11B94 /* FollowButton.h */ = {isa = PBXFileReference; lastKnownFileType = sourcecode.c.h; path = FollowButton.h; sourceTree = "<group>"; };
		71A3076E24D09FF700F11B94 /* FollowButton.m */ = {isa = PBXFileReference; lastKnownFileType = sourcecode.c.objc; path = FollowButton.m; sourceTree = "<group>"; };
		71C2C70024D86ED200C22C41 /* FlipAnimator.h */ = {isa = PBXFileReference; lastKnownFileType = sourcecode.c.h; path = FlipAnimator.h; sourceTree = "<group>"; };
		71C2C70124D86ED200C22C41 /* FlipAnimator.m */ = {isa = PBXFileReference; lastKnownFileType = sourcecode.c.objc; path = FlipAnimator.m; sourceTree = "<group>"; };
		71C2C70724D8C8DD00C22C41 /* ProfileView.h */ = {isa = PBXFileReference; lastKnownFileType = sourcecode.c.h; path = ProfileView.h; sourceTree = "<group>"; };
		71C2C70824D8C8DD00C22C41 /* ProfileView.m */ = {isa = PBXFileReference; lastKnownFileType = sourcecode.c.objc; path = ProfileView.m; sourceTree = "<group>"; };
		71C2C70B24D8CDDB00C22C41 /* BadgeCell.h */ = {isa = PBXFileReference; lastKnownFileType = sourcecode.c.h; path = BadgeCell.h; sourceTree = "<group>"; };
		71C2C70C24D8CDDB00C22C41 /* BadgeCell.m */ = {isa = PBXFileReference; lastKnownFileType = sourcecode.c.objc; path = BadgeCell.m; sourceTree = "<group>"; };
		71C2D81D24CF679900E12391 /* CircularProgressBar.h */ = {isa = PBXFileReference; lastKnownFileType = sourcecode.c.h; path = CircularProgressBar.h; sourceTree = "<group>"; };
		71C2D81E24CF679900E12391 /* CircularProgressBar.m */ = {isa = PBXFileReference; lastKnownFileType = sourcecode.c.objc; path = CircularProgressBar.m; sourceTree = "<group>"; };
		71C2D82224CF957500E12391 /* TextCell.h */ = {isa = PBXFileReference; lastKnownFileType = sourcecode.c.h; path = TextCell.h; sourceTree = "<group>"; };
		71C2D82324CF957500E12391 /* TextCell.m */ = {isa = PBXFileReference; lastKnownFileType = sourcecode.c.objc; path = TextCell.m; sourceTree = "<group>"; };
		71CF520024C65B2F008DB4EF /* SubmissionsViewController.h */ = {isa = PBXFileReference; lastKnownFileType = sourcecode.c.h; path = SubmissionsViewController.h; sourceTree = "<group>"; };
		71CF520124C65B2F008DB4EF /* SubmissionsViewController.m */ = {isa = PBXFileReference; lastKnownFileType = sourcecode.c.objc; path = SubmissionsViewController.m; sourceTree = "<group>"; };
		71CF520424C66CC9008DB4EF /* BaseCellView.h */ = {isa = PBXFileReference; lastKnownFileType = sourcecode.c.h; path = BaseCellView.h; sourceTree = "<group>"; };
		71CF520524C66CC9008DB4EF /* BaseCellView.m */ = {isa = PBXFileReference; lastKnownFileType = sourcecode.c.objc; path = BaseCellView.m; sourceTree = "<group>"; };
		71CF520724C66CF8008DB4EF /* SnippetCellView.h */ = {isa = PBXFileReference; lastKnownFileType = sourcecode.c.h; path = SnippetCellView.h; sourceTree = "<group>"; };
		71CF520824C66CF8008DB4EF /* SnippetCellView.m */ = {isa = PBXFileReference; lastKnownFileType = sourcecode.c.objc; path = SnippetCellView.m; sourceTree = "<group>"; };
		71CF521624C7787B008DB4EF /* CountLabel.h */ = {isa = PBXFileReference; lastKnownFileType = sourcecode.c.h; path = CountLabel.h; sourceTree = "<group>"; };
		71CF521724C7787B008DB4EF /* CountLabel.m */ = {isa = PBXFileReference; lastKnownFileType = sourcecode.c.objc; path = CountLabel.m; sourceTree = "<group>"; };
		71CF521A24C77D14008DB4EF /* VoteButton.h */ = {isa = PBXFileReference; lastKnownFileType = sourcecode.c.h; path = VoteButton.h; sourceTree = "<group>"; };
		71CF521B24C77D14008DB4EF /* VoteButton.m */ = {isa = PBXFileReference; lastKnownFileType = sourcecode.c.objc; path = VoteButton.m; sourceTree = "<group>"; };
		71CF521F24C891F5008DB4EF /* UIColor+ProlificColors.h */ = {isa = PBXFileReference; lastKnownFileType = sourcecode.c.h; path = "UIColor+ProlificColors.h"; sourceTree = "<group>"; };
		71CF522024C891F5008DB4EF /* UIColor+ProlificColors.m */ = {isa = PBXFileReference; lastKnownFileType = sourcecode.c.objc; path = "UIColor+ProlificColors.m"; sourceTree = "<group>"; };
		71CF522324C9257A008DB4EF /* ProlificUtils.h */ = {isa = PBXFileReference; lastKnownFileType = sourcecode.c.h; path = ProlificUtils.h; sourceTree = "<group>"; };
		71CF522424C9257A008DB4EF /* ProlificUtils.m */ = {isa = PBXFileReference; lastKnownFileType = sourcecode.c.objc; path = ProlificUtils.m; sourceTree = "<group>"; };
		71F55C4424CA36C000B266BF /* RoundCellView.h */ = {isa = PBXFileReference; lastKnownFileType = sourcecode.c.h; path = RoundCellView.h; sourceTree = "<group>"; };
		71F55C4524CA36C000B266BF /* RoundCellView.m */ = {isa = PBXFileReference; lastKnownFileType = sourcecode.c.objc; path = RoundCellView.m; sourceTree = "<group>"; };
		71F55C4C24CB388300B266BF /* ProjectUpdateManager.h */ = {isa = PBXFileReference; lastKnownFileType = sourcecode.c.h; path = ProjectUpdateManager.h; sourceTree = "<group>"; };
		71F55C4D24CB388300B266BF /* ProjectUpdateManager.m */ = {isa = PBXFileReference; lastKnownFileType = sourcecode.c.objc; path = ProjectUpdateManager.m; sourceTree = "<group>"; };
		71F5B61F24E1EC0800680723 /* MenuBar.h */ = {isa = PBXFileReference; lastKnownFileType = sourcecode.c.h; path = MenuBar.h; sourceTree = "<group>"; };
		71F5B62024E1EC0800680723 /* MenuBar.m */ = {isa = PBXFileReference; lastKnownFileType = sourcecode.c.objc; path = MenuBar.m; sourceTree = "<group>"; };
		71F5B62724E32CCA00680723 /* FeedCell.h */ = {isa = PBXFileReference; lastKnownFileType = sourcecode.c.h; path = FeedCell.h; sourceTree = "<group>"; };
		71F5B62824E32CCA00680723 /* FeedCell.m */ = {isa = PBXFileReference; lastKnownFileType = sourcecode.c.objc; path = FeedCell.m; sourceTree = "<group>"; };
		71F5B62B24E350A500680723 /* ProjectFeedCell.h */ = {isa = PBXFileReference; lastKnownFileType = sourcecode.c.h; path = ProjectFeedCell.h; sourceTree = "<group>"; };
		71F5B62C24E350A500680723 /* ProjectFeedCell.m */ = {isa = PBXFileReference; lastKnownFileType = sourcecode.c.objc; path = ProjectFeedCell.m; sourceTree = "<group>"; };
		71F5B62F24E352DD00680723 /* BadgeFeedCell.h */ = {isa = PBXFileReference; lastKnownFileType = sourcecode.c.h; path = BadgeFeedCell.h; sourceTree = "<group>"; };
		71F5B63024E352DD00680723 /* BadgeFeedCell.m */ = {isa = PBXFileReference; lastKnownFileType = sourcecode.c.objc; path = BadgeFeedCell.m; sourceTree = "<group>"; };
		857E25E4A6E5BA8668A54203 /* Pods_Prolific.framework */ = {isa = PBXFileReference; explicitFileType = wrapper.framework; includeInIndex = 0; path = Pods_Prolific.framework; sourceTree = BUILT_PRODUCTS_DIR; };
		86E09C354AD1F4F4E31F7726 /* Pods-Prolific-ProlificUITests.release.xcconfig */ = {isa = PBXFileReference; includeInIndex = 1; lastKnownFileType = text.xcconfig; name = "Pods-Prolific-ProlificUITests.release.xcconfig"; path = "Target Support Files/Pods-Prolific-ProlificUITests/Pods-Prolific-ProlificUITests.release.xcconfig"; sourceTree = "<group>"; };
		895ABB6EFDD0F5CE959475EC /* Pods-ProlificTests.debug.xcconfig */ = {isa = PBXFileReference; includeInIndex = 1; lastKnownFileType = text.xcconfig; name = "Pods-ProlificTests.debug.xcconfig"; path = "Target Support Files/Pods-ProlificTests/Pods-ProlificTests.debug.xcconfig"; sourceTree = "<group>"; };
		A5748274C8BEA7C4A98F4685 /* Pods-Prolific.release.xcconfig */ = {isa = PBXFileReference; includeInIndex = 1; lastKnownFileType = text.xcconfig; name = "Pods-Prolific.release.xcconfig"; path = "Target Support Files/Pods-Prolific/Pods-Prolific.release.xcconfig"; sourceTree = "<group>"; };
		A6260867AA9F4FED5CC98E68 /* Pods-ProlificTests.release.xcconfig */ = {isa = PBXFileReference; includeInIndex = 1; lastKnownFileType = text.xcconfig; name = "Pods-ProlificTests.release.xcconfig"; path = "Target Support Files/Pods-ProlificTests/Pods-ProlificTests.release.xcconfig"; sourceTree = "<group>"; };
		CC2AC76234C0858E2F457340 /* Pods-Prolific-ProlificUITests.debug.xcconfig */ = {isa = PBXFileReference; includeInIndex = 1; lastKnownFileType = text.xcconfig; name = "Pods-Prolific-ProlificUITests.debug.xcconfig"; path = "Target Support Files/Pods-Prolific-ProlificUITests/Pods-Prolific-ProlificUITests.debug.xcconfig"; sourceTree = "<group>"; };
		EB03C61541226EFB796BBF6A /* Pods_ProlificTests.framework */ = {isa = PBXFileReference; explicitFileType = wrapper.framework; includeInIndex = 0; path = Pods_ProlificTests.framework; sourceTree = BUILT_PRODUCTS_DIR; };
/* End PBXFileReference section */

/* Begin PBXFrameworksBuildPhase section */
		7191113124BCBD9B00070A32 /* Frameworks */ = {
			isa = PBXFrameworksBuildPhase;
			buildActionMask = 2147483647;
			files = (
				51F0B511CCE2110A84CAB749 /* Pods_Prolific.framework in Frameworks */,
			);
			runOnlyForDeploymentPostprocessing = 0;
		};
		7191114C24BCBD9C00070A32 /* Frameworks */ = {
			isa = PBXFrameworksBuildPhase;
			buildActionMask = 2147483647;
			files = (
				86F3C557F479B3798BC49C95 /* Pods_ProlificTests.framework in Frameworks */,
			);
			runOnlyForDeploymentPostprocessing = 0;
		};
		7191115724BCBD9C00070A32 /* Frameworks */ = {
			isa = PBXFrameworksBuildPhase;
			buildActionMask = 2147483647;
			files = (
				997BE3BC4EFE358335110F9D /* Pods_Prolific_ProlificUITests.framework in Frameworks */,
			);
			runOnlyForDeploymentPostprocessing = 0;
		};
/* End PBXFrameworksBuildPhase section */

/* Begin PBXGroup section */
		3FA4B091DFA3374A43FE81F4 /* Pods */ = {
			isa = PBXGroup;
			children = (
				36448502AFBC63625D8F6DF6 /* Pods-Prolific.debug.xcconfig */,
				A5748274C8BEA7C4A98F4685 /* Pods-Prolific.release.xcconfig */,
				CC2AC76234C0858E2F457340 /* Pods-Prolific-ProlificUITests.debug.xcconfig */,
				86E09C354AD1F4F4E31F7726 /* Pods-Prolific-ProlificUITests.release.xcconfig */,
				895ABB6EFDD0F5CE959475EC /* Pods-ProlificTests.debug.xcconfig */,
				A6260867AA9F4FED5CC98E68 /* Pods-ProlificTests.release.xcconfig */,
			);
			path = Pods;
			sourceTree = "<group>";
		};
		7118C3EC24BE7254005E1816 /* Models */ = {
			isa = PBXGroup;
			children = (
				7118C40424BFA1D9005E1816 /* User */,
				712A9DFB24DB657F00B608ED /* Badge */,
				7118C40524BFA1E2005E1816 /* Snippet */,
				7118C40624BFA1E8005E1816 /* Round */,
				7118C40724BFA1ED005E1816 /* Project */,
			);
			path = Models;
			sourceTree = "<group>";
		};
		7118C3F024BE8871005E1816 /* Model Builders */ = {
			isa = PBXGroup;
			children = (
				713AA08324C0D5FD00A5950E /* Entity */,
				713AA08524C0D61200A5950E /* User Builder */,
				712A9DFF24DB65A100B608ED /* Badge Builder */,
				713AA08624C0D61D00A5950E /* Snippet Builder */,
				713AA08724C0D62500A5950E /* Round Builder */,
				713AA08424C0D60700A5950E /* Project Builder */,
			);
			path = "Model Builders";
			sourceTree = "<group>";
		};
		7118C40424BFA1D9005E1816 /* User */ = {
			isa = PBXGroup;
			children = (
				7118C3ED24BE7267005E1816 /* User.h */,
				7118C3EE24BE7267005E1816 /* User.m */,
			);
			path = User;
			sourceTree = "<group>";
		};
		7118C40524BFA1E2005E1816 /* Snippet */ = {
			isa = PBXGroup;
			children = (
				7118C3F424BF607D005E1816 /* Snippet.h */,
				7118C3F524BF607D005E1816 /* Snippet.m */,
			);
			path = Snippet;
			sourceTree = "<group>";
		};
		7118C40624BFA1E8005E1816 /* Round */ = {
			isa = PBXGroup;
			children = (
				7118C3FA24BF681F005E1816 /* Round.h */,
				7118C3FB24BF681F005E1816 /* Round.m */,
			);
			path = Round;
			sourceTree = "<group>";
		};
		7118C40724BFA1ED005E1816 /* Project */ = {
			isa = PBXGroup;
			children = (
				7118C3F724BF67E7005E1816 /* Project.h */,
				7118C3F824BF67E7005E1816 /* Project.m */,
			);
			path = Project;
			sourceTree = "<group>";
		};
		711F75E724D1D2080050D5CF /* User Engagement Manager */ = {
			isa = PBXGroup;
			children = (
				711F75E824D1D24B0050D5CF /* UserEngagementManager.h */,
				711F75E924D1D24B0050D5CF /* UserEngagementManager.m */,
			);
			path = "User Engagement Manager";
			sourceTree = "<group>";
		};
		711F75EB24D22BBE0050D5CF /* Round Ranker */ = {
			isa = PBXGroup;
			children = (
				711F75EC24D22BE00050D5CF /* RoundRanker.h */,
				711F75ED24D22BE00050D5CF /* RoundRanker.m */,
			);
			path = "Round Ranker";
			sourceTree = "<group>";
		};
		712A9DFB24DB657F00B608ED /* Badge */ = {
			isa = PBXGroup;
			children = (
				712A9DF824DB657A00B608ED /* Badge.h */,
				712A9DF924DB657A00B608ED /* Badge.m */,
			);
			path = Badge;
			sourceTree = "<group>";
		};
		712A9DFF24DB65A100B608ED /* Badge Builder */ = {
			isa = PBXGroup;
			children = (
				712A9DFC24DB659E00B608ED /* BadgeBuilder.h */,
				712A9DFD24DB659E00B608ED /* BadgeBuilder.m */,
			);
			path = "Badge Builder";
			sourceTree = "<group>";
		};
		712A9E0324DBD73A00B608ED /* Prolific Error Logger */ = {
			isa = PBXGroup;
			children = (
				712A9E0024DBD73600B608ED /* ProlificErrorLogger.h */,
				712A9E0124DBD73600B608ED /* ProlificErrorLogger.m */,
			);
			path = "Prolific Error Logger";
			sourceTree = "<group>";
		};
		713AA08324C0D5FD00A5950E /* Entity */ = {
			isa = PBXGroup;
			children = (
				7118C3F124BE888F005E1816 /* Entity.h */,
				7118C3F224BE888F005E1816 /* Entity.m */,
			);
			path = Entity;
			sourceTree = "<group>";
		};
		713AA08424C0D60700A5950E /* Project Builder */ = {
			isa = PBXGroup;
			children = (
				7118C3FD24BF6BCC005E1816 /* ProjectBuilder.h */,
				7118C3FE24BF6BCC005E1816 /* ProjectBuilder.m */,
			);
			path = "Project Builder";
			sourceTree = "<group>";
		};
		713AA08524C0D61200A5950E /* User Builder */ = {
			isa = PBXGroup;
			children = (
				7118C40024BF6BD5005E1816 /* UserBuilder.h */,
				7118C40124BF6BD5005E1816 /* UserBuilder.m */,
			);
			path = "User Builder";
			sourceTree = "<group>";
		};
		713AA08624C0D61D00A5950E /* Snippet Builder */ = {
			isa = PBXGroup;
			children = (
				711746E024BFBE570021F9CD /* SnippetBuilder.h */,
				711746E124BFBE570021F9CD /* SnippetBuilder.m */,
			);
			path = "Snippet Builder";
			sourceTree = "<group>";
		};
		713AA08724C0D62500A5950E /* Round Builder */ = {
			isa = PBXGroup;
			children = (
				711746E324BFC4F00021F9CD /* RoundBuilder.h */,
				711746E424BFC4F00021F9CD /* RoundBuilder.m */,
			);
			path = "Round Builder";
			sourceTree = "<group>";
		};
		713AA08824C0E0E600A5950E /* Persistence */ = {
			isa = PBXGroup;
			children = (
				713AA08924C0E1E000A5950E /* DAO.h */,
				713AA08A24C0E1E000A5950E /* DAO.m */,
			);
			path = Persistence;
			sourceTree = "<group>";
		};
		71483FF524CB965A004B352E /* Profile View Controller */ = {
			isa = PBXGroup;
			children = (
				71483FF624CB9680004B352E /* ProfileViewController.h */,
				71483FF724CB9680004B352E /* ProfileViewController.m */,
			);
			path = "Profile View Controller";
			sourceTree = "<group>";
		};
		714D1F7E24C25D0600749291 /* Compose Snippet View Controller */ = {
			isa = PBXGroup;
			children = (
				714D1F7F24C25D2D00749291 /* ComposeSnippetViewController.h */,
				714D1F8024C25D2D00749291 /* ComposeSnippetViewController.m */,
			);
			path = "Compose Snippet View Controller";
			sourceTree = "<group>";
		};
		7165D14C24BE052E008E64CD /* Project Details View Controller */ = {
			isa = PBXGroup;
			children = (
				7165D15024BE056C008E64CD /* ProjectDetailsViewController.h */,
				7165D15124BE056C008E64CD /* ProjectDetailsViewController.m */,
			);
			path = "Project Details View Controller";
			sourceTree = "<group>";
		};
		7165D15324BE0AAE008E64CD /* Project Cell */ = {
			isa = PBXGroup;
			children = (
				7165D15424BE0AE7008E64CD /* ProjectCell.h */,
				7165D15524BE0AE7008E64CD /* ProjectCell.m */,
			);
			path = "Project Cell";
			sourceTree = "<group>";
		};
		7165D15724BE1AE5008E64CD /* Register View Controller */ = {
			isa = PBXGroup;
			children = (
				7165D15824BE1B17008E64CD /* RegisterViewController.h */,
				7165D15924BE1B17008E64CD /* RegisterViewController.m */,
			);
			path = "Register View Controller";
			sourceTree = "<group>";
		};
		717D22E424DDE84000A24B20 /* Floating Action Button */ = {
			isa = PBXGroup;
			children = (
				717D22E124DDE83500A24B20 /* FloatingActionButton.h */,
				717D22E224DDE83500A24B20 /* FloatingActionButton.m */,
			);
			path = "Floating Action Button";
			sourceTree = "<group>";
		};
		717D22E624DDEA6C00A24B20 /* Create Project View Controller */ = {
			isa = PBXGroup;
			children = (
				717D22E724DDEA8D00A24B20 /* CreateProjectViewController.h */,
				717D22E824DDEA8D00A24B20 /* CreateProjectViewController.m */,
			);
			path = "Create Project View Controller";
			sourceTree = "<group>";
		};
		7186FB2724D4DBE300B2F4A0 /* Lottie Animations */ = {
			isa = PBXGroup;
			children = (
				7186FB2C24D4E01600B2F4A0 /* 7773-loading.json */,
				7186FB2E24D4ECC000B2F4A0 /* 6541-loading.json */,
			);
			path = "Lottie Animations";
			sourceTree = "<group>";
		};
		7188D84C24C651B600E50876 /* Round Cell */ = {
			isa = PBXGroup;
			children = (
				7188D85624C6526F00E50876 /* RoundCell.h */,
				7188D85724C6526F00E50876 /* RoundCell.m */,
			);
			path = "Round Cell";
			sourceTree = "<group>";
		};
		7188D84D24C651E000E50876 /* Base Cell */ = {
			isa = PBXGroup;
			children = (
				7188D85024C6521900E50876 /* BaseCell.h */,
				7188D85124C6521900E50876 /* BaseCell.m */,
			);
			path = "Base Cell";
			sourceTree = "<group>";
		};
		7188D84E24C651EE00E50876 /* Snippet Cell */ = {
			isa = PBXGroup;
			children = (
				7188D85324C6522D00E50876 /* SnippetCell.h */,
				7188D85424C6522D00E50876 /* SnippetCell.m */,
			);
			path = "Snippet Cell";
			sourceTree = "<group>";
		};
		7188D84F24C651FF00E50876 /* Cells */ = {
			isa = PBXGroup;
			children = (
				71F5B62E24E3528700680723 /* Badge Feed Cell */,
				71F5B62A24E3506C00680723 /* Project Feed Cell */,
				71F5B62624E32CB100680723 /* Feed Cell */,
				7188D84D24C651E000E50876 /* Base Cell */,
				71C2D82024CF94CD00E12391 /* Text Cell */,
				7188D84E24C651EE00E50876 /* Snippet Cell */,
				7188D84C24C651B600E50876 /* Round Cell */,
				7165D15324BE0AAE008E64CD /* Project Cell */,
				71C2C70A24D8CDAE00C22C41 /* Badge Cell */,
			);
			path = Cells;
			sourceTree = "<group>";
		};
		7191112B24BCBD9B00070A32 = {
			isa = PBXGroup;
			children = (
				7191113624BCBD9B00070A32 /* Prolific */,
				7191115224BCBD9C00070A32 /* ProlificTests */,
				7191115D24BCBD9C00070A32 /* ProlificUITests */,
				7191113524BCBD9B00070A32 /* Products */,
				3FA4B091DFA3374A43FE81F4 /* Pods */,
				FF52A583CD9670382704644A /* Frameworks */,
			);
			sourceTree = "<group>";
		};
		7191113524BCBD9B00070A32 /* Products */ = {
			isa = PBXGroup;
			children = (
				7191113424BCBD9B00070A32 /* Prolific.app */,
				7191114F24BCBD9C00070A32 /* ProlificTests.xctest */,
				7191115A24BCBD9C00070A32 /* ProlificUITests.xctest */,
			);
			name = Products;
			sourceTree = "<group>";
		};
		7191113624BCBD9B00070A32 /* Prolific */ = {
			isa = PBXGroup;
			children = (
				71CF521924C779B2008DB4EF /* Utils */,
				7118C3F024BE8871005E1816 /* Model Builders */,
				7118C3EC24BE7254005E1816 /* Models */,
				7191117124BD046600070A32 /* Views */,
				7191117024BD045800070A32 /* View Controllers */,
				71C2C6FF24D86EB700C22C41 /* Animation Controllers */,
				7191113724BCBD9B00070A32 /* AppDelegate.h */,
				7191113824BCBD9B00070A32 /* AppDelegate.m */,
				7191113A24BCBD9B00070A32 /* SceneDelegate.h */,
				7191113B24BCBD9B00070A32 /* SceneDelegate.m */,
				7191114324BCBD9C00070A32 /* Assets.xcassets */,
				7191114524BCBD9C00070A32 /* LaunchScreen.storyboard */,
				7191114824BCBD9C00070A32 /* Info.plist */,
				7165D15B24BE3BA5008E64CD /* GoogleService-Info.plist */,
				7191114924BCBD9C00070A32 /* main.m */,
			);
			path = Prolific;
			sourceTree = "<group>";
		};
		7191115224BCBD9C00070A32 /* ProlificTests */ = {
			isa = PBXGroup;
			children = (
				7191115324BCBD9C00070A32 /* ProlificTests.m */,
				7191115524BCBD9C00070A32 /* Info.plist */,
			);
			path = ProlificTests;
			sourceTree = "<group>";
		};
		7191115D24BCBD9C00070A32 /* ProlificUITests */ = {
			isa = PBXGroup;
			children = (
				7191115E24BCBD9C00070A32 /* ProlificUITests.m */,
				7191116024BCBD9C00070A32 /* Info.plist */,
			);
			path = ProlificUITests;
			sourceTree = "<group>";
		};
		7191116F24BD044D00070A32 /* Navigation */ = {
			isa = PBXGroup;
			children = (
				7191117D24BD088000070A32 /* NavigationManager.h */,
				7191117E24BD088000070A32 /* NavigationManager.m */,
			);
			path = Navigation;
			sourceTree = "<group>";
		};
		7191117024BD045800070A32 /* View Controllers */ = {
			isa = PBXGroup;
			children = (
				7191118724BD1F1F00070A32 /* Prolific Base View Controller */,
				7191117524BD055000070A32 /* Main Tab Bar Controller */,
				7191117224BD048000070A32 /* Login View Controller */,
				7165D15724BE1AE5008E64CD /* Register View Controller */,
				71483FF524CB965A004B352E /* Profile View Controller */,
				7191117324BD048900070A32 /* Home View Controller */,
				7191117624BD055D00070A32 /* Favorites View Controller */,
				7165D14C24BE052E008E64CD /* Project Details View Controller */,
				71CF51FF24C65ADA008DB4EF /* Submissions View Controller */,
				714D1F7E24C25D0600749291 /* Compose Snippet View Controller */,
				717D22E624DDEA6C00A24B20 /* Create Project View Controller */,
			);
			path = "View Controllers";
			sourceTree = "<group>";
		};
		7191117124BD046600070A32 /* Views */ = {
			isa = PBXGroup;
			children = (
				71F5B61E24E1EBF100680723 /* Menu Bar */,
				71C2C70624D8C8B400C22C41 /* Reusable Views */,
				7186FB2724D4DBE300B2F4A0 /* Lottie Animations */,
				71C2D81C24CF677500E12391 /* Progress Bars */,
				71CF521524C77642008DB4EF /* Buttons */,
				71CF521324C743A8008DB4EF /* Text Fields */,
				71CF521224C743A1008DB4EF /* Labels */,
				71CF520324C66C97008DB4EF /* Cell Views */,
				7188D84F24C651FF00E50876 /* Cells */,
			);
			path = Views;
			sourceTree = "<group>";
		};
		7191117224BD048000070A32 /* Login View Controller */ = {
			isa = PBXGroup;
			children = (
				7191116C24BCD30E00070A32 /* LoginViewController.h */,
				7191116D24BCD30E00070A32 /* LoginViewController.m */,
			);
			path = "Login View Controller";
			sourceTree = "<group>";
		};
		7191117324BD048900070A32 /* Home View Controller */ = {
			isa = PBXGroup;
			children = (
				7191113D24BCBD9B00070A32 /* HomeViewController.h */,
				7191113E24BCBD9B00070A32 /* HomeViewController.m */,
			);
			path = "Home View Controller";
			sourceTree = "<group>";
		};
		7191117524BD055000070A32 /* Main Tab Bar Controller */ = {
			isa = PBXGroup;
			children = (
				7191117A24BD05C700070A32 /* MainTabBarController.h */,
				7191117B24BD05C700070A32 /* MainTabBarController.m */,
			);
			path = "Main Tab Bar Controller";
			sourceTree = "<group>";
		};
		7191117624BD055D00070A32 /* Favorites View Controller */ = {
			isa = PBXGroup;
			children = (
				7191117724BD05A000070A32 /* FavoritesViewController.h */,
				7191117824BD05A000070A32 /* FavoritesViewController.m */,
			);
			path = "Favorites View Controller";
			sourceTree = "<group>";
		};
		7191118724BD1F1F00070A32 /* Prolific Base View Controller */ = {
			isa = PBXGroup;
			children = (
				7191118224BD1D6500070A32 /* ProlificBaseViewController.h */,
				7191118324BD1D6500070A32 /* ProlificBaseViewController.m */,
			);
			path = "Prolific Base View Controller";
			sourceTree = "<group>";
		};
		71A3076B24D09FCE00F11B94 /* Vote Button */ = {
			isa = PBXGroup;
			children = (
				71CF521A24C77D14008DB4EF /* VoteButton.h */,
				71CF521B24C77D14008DB4EF /* VoteButton.m */,
			);
			path = "Vote Button";
			sourceTree = "<group>";
		};
		71A3076C24D09FD300F11B94 /* Follow Button */ = {
			isa = PBXGroup;
			children = (
				71A3076D24D09FF700F11B94 /* FollowButton.h */,
				71A3076E24D09FF700F11B94 /* FollowButton.m */,
			);
			path = "Follow Button";
			sourceTree = "<group>";
		};
		71C2C6FF24D86EB700C22C41 /* Animation Controllers */ = {
			isa = PBXGroup;
			children = (
				71C2C70024D86ED200C22C41 /* FlipAnimator.h */,
				71C2C70124D86ED200C22C41 /* FlipAnimator.m */,
			);
			path = "Animation Controllers";
			sourceTree = "<group>";
		};
		71C2C70624D8C8B400C22C41 /* Reusable Views */ = {
			isa = PBXGroup;
			children = (
				71C2C70724D8C8DD00C22C41 /* ProfileView.h */,
				71C2C70824D8C8DD00C22C41 /* ProfileView.m */,
			);
			path = "Reusable Views";
			sourceTree = "<group>";
		};
		71C2C70A24D8CDAE00C22C41 /* Badge Cell */ = {
			isa = PBXGroup;
			children = (
				71C2C70B24D8CDDB00C22C41 /* BadgeCell.h */,
				71C2C70C24D8CDDB00C22C41 /* BadgeCell.m */,
			);
			path = "Badge Cell";
			sourceTree = "<group>";
		};
		71C2D81C24CF677500E12391 /* Progress Bars */ = {
			isa = PBXGroup;
			children = (
				71C2D81D24CF679900E12391 /* CircularProgressBar.h */,
				71C2D81E24CF679900E12391 /* CircularProgressBar.m */,
				712A9E0524DCA18B00B608ED /* HorizontalProgressBar.h */,
				712A9E0624DCA18B00B608ED /* HorizontalProgressBar.m */,
			);
			path = "Progress Bars";
			sourceTree = "<group>";
		};
		71C2D82024CF94CD00E12391 /* Text Cell */ = {
			isa = PBXGroup;
			children = (
				71C2D82224CF957500E12391 /* TextCell.h */,
				71C2D82324CF957500E12391 /* TextCell.m */,
			);
			path = "Text Cell";
			sourceTree = "<group>";
		};
		71CF51FF24C65ADA008DB4EF /* Submissions View Controller */ = {
			isa = PBXGroup;
			children = (
				71CF520024C65B2F008DB4EF /* SubmissionsViewController.h */,
				71CF520124C65B2F008DB4EF /* SubmissionsViewController.m */,
			);
			path = "Submissions View Controller";
			sourceTree = "<group>";
		};
		71CF520324C66C97008DB4EF /* Cell Views */ = {
			isa = PBXGroup;
			children = (
				71CF520B24C74262008DB4EF /* Base Cell View */,
				71CF520D24C74276008DB4EF /* Snippet Cell View */,
				71F55C4324CA369800B266BF /* Round Cell View */,
				71CF520C24C7426F008DB4EF /* Project Cell View */,
			);
			path = "Cell Views";
			sourceTree = "<group>";
		};
		71CF520B24C74262008DB4EF /* Base Cell View */ = {
			isa = PBXGroup;
			children = (
				71CF520424C66CC9008DB4EF /* BaseCellView.h */,
				71CF520524C66CC9008DB4EF /* BaseCellView.m */,
			);
			path = "Base Cell View";
			sourceTree = "<group>";
		};
		71CF520C24C7426F008DB4EF /* Project Cell View */ = {
			isa = PBXGroup;
			children = (
				7188D85924C655AB00E50876 /* ProjectCellView.h */,
				7188D85A24C655AB00E50876 /* ProjectCellView.m */,
			);
			path = "Project Cell View";
			sourceTree = "<group>";
		};
		71CF520D24C74276008DB4EF /* Snippet Cell View */ = {
			isa = PBXGroup;
			children = (
				71CF520724C66CF8008DB4EF /* SnippetCellView.h */,
				71CF520824C66CF8008DB4EF /* SnippetCellView.m */,
			);
			path = "Snippet Cell View";
			sourceTree = "<group>";
		};
		71CF521224C743A1008DB4EF /* Labels */ = {
			isa = PBXGroup;
			children = (
				71CF521624C7787B008DB4EF /* CountLabel.h */,
				71CF521724C7787B008DB4EF /* CountLabel.m */,
			);
			path = Labels;
			sourceTree = "<group>";
		};
		71CF521324C743A8008DB4EF /* Text Fields */ = {
			isa = PBXGroup;
			children = (
			);
			path = "Text Fields";
			sourceTree = "<group>";
		};
		71CF521524C77642008DB4EF /* Buttons */ = {
			isa = PBXGroup;
			children = (
				71A3076C24D09FD300F11B94 /* Follow Button */,
				71A3076B24D09FCE00F11B94 /* Vote Button */,
				717D22E424DDE84000A24B20 /* Floating Action Button */,
			);
			path = Buttons;
			sourceTree = "<group>";
		};
		71CF521924C779B2008DB4EF /* Utils */ = {
			isa = PBXGroup;
			children = (
				711F75EB24D22BBE0050D5CF /* Round Ranker */,
				711F75E724D1D2080050D5CF /* User Engagement Manager */,
				71F55C4B24CB387000B266BF /* Project Update Manager */,
				71CF522224C92512008DB4EF /* Prolific Utils */,
				71CF521E24C89198008DB4EF /* Color Scheme */,
				713AA08824C0E0E600A5950E /* Persistence */,
				7191116F24BD044D00070A32 /* Navigation */,
				712A9E0324DBD73A00B608ED /* Prolific Error Logger */,
			);
			path = Utils;
			sourceTree = "<group>";
		};
		71CF521E24C89198008DB4EF /* Color Scheme */ = {
			isa = PBXGroup;
			children = (
				71CF521F24C891F5008DB4EF /* UIColor+ProlificColors.h */,
				71CF522024C891F5008DB4EF /* UIColor+ProlificColors.m */,
			);
			path = "Color Scheme";
			sourceTree = "<group>";
		};
		71CF522224C92512008DB4EF /* Prolific Utils */ = {
			isa = PBXGroup;
			children = (
				71CF522324C9257A008DB4EF /* ProlificUtils.h */,
				71CF522424C9257A008DB4EF /* ProlificUtils.m */,
			);
			path = "Prolific Utils";
			sourceTree = "<group>";
		};
		71F55C4324CA369800B266BF /* Round Cell View */ = {
			isa = PBXGroup;
			children = (
				71F55C4424CA36C000B266BF /* RoundCellView.h */,
				71F55C4524CA36C000B266BF /* RoundCellView.m */,
			);
			path = "Round Cell View";
			sourceTree = "<group>";
		};
		71F55C4B24CB387000B266BF /* Project Update Manager */ = {
			isa = PBXGroup;
			children = (
				71F55C4C24CB388300B266BF /* ProjectUpdateManager.h */,
				71F55C4D24CB388300B266BF /* ProjectUpdateManager.m */,
			);
			path = "Project Update Manager";
			sourceTree = "<group>";
		};
		71F5B61E24E1EBF100680723 /* Menu Bar */ = {
			isa = PBXGroup;
			children = (
				71F5B61F24E1EC0800680723 /* MenuBar.h */,
				71F5B62024E1EC0800680723 /* MenuBar.m */,
			);
			path = "Menu Bar";
			sourceTree = "<group>";
		};
		71F5B62624E32CB100680723 /* Feed Cell */ = {
			isa = PBXGroup;
			children = (
				71F5B62724E32CCA00680723 /* FeedCell.h */,
				71F5B62824E32CCA00680723 /* FeedCell.m */,
			);
			path = "Feed Cell";
			sourceTree = "<group>";
		};
		71F5B62A24E3506C00680723 /* Project Feed Cell */ = {
			isa = PBXGroup;
			children = (
				71F5B62B24E350A500680723 /* ProjectFeedCell.h */,
				71F5B62C24E350A500680723 /* ProjectFeedCell.m */,
			);
			path = "Project Feed Cell";
			sourceTree = "<group>";
		};
		71F5B62E24E3528700680723 /* Badge Feed Cell */ = {
			isa = PBXGroup;
			children = (
				71F5B62F24E352DD00680723 /* BadgeFeedCell.h */,
				71F5B63024E352DD00680723 /* BadgeFeedCell.m */,
			);
			path = "Badge Feed Cell";
			sourceTree = "<group>";
		};
		FF52A583CD9670382704644A /* Frameworks */ = {
			isa = PBXGroup;
			children = (
				857E25E4A6E5BA8668A54203 /* Pods_Prolific.framework */,
				5E3D2C3AAC694839A4E80583 /* Pods_Prolific_ProlificUITests.framework */,
				EB03C61541226EFB796BBF6A /* Pods_ProlificTests.framework */,
			);
			name = Frameworks;
			sourceTree = "<group>";
		};
/* End PBXGroup section */

/* Begin PBXNativeTarget section */
		7191113324BCBD9B00070A32 /* Prolific */ = {
			isa = PBXNativeTarget;
			buildConfigurationList = 7191116324BCBD9C00070A32 /* Build configuration list for PBXNativeTarget "Prolific" */;
			buildPhases = (
				1A26DBAE84B8DEF060774781 /* [CP] Check Pods Manifest.lock */,
				7191113024BCBD9B00070A32 /* Sources */,
				7191113124BCBD9B00070A32 /* Frameworks */,
				7191113224BCBD9B00070A32 /* Resources */,
				FC41A8EF845542AD620D1A3A /* [CP] Embed Pods Frameworks */,
			);
			buildRules = (
			);
			dependencies = (
			);
			name = Prolific;
			productName = Prolific;
			productReference = 7191113424BCBD9B00070A32 /* Prolific.app */;
			productType = "com.apple.product-type.application";
		};
		7191114E24BCBD9C00070A32 /* ProlificTests */ = {
			isa = PBXNativeTarget;
			buildConfigurationList = 7191116624BCBD9C00070A32 /* Build configuration list for PBXNativeTarget "ProlificTests" */;
			buildPhases = (
				F4879A6271B70D55C97C20CD /* [CP] Check Pods Manifest.lock */,
				7191114B24BCBD9C00070A32 /* Sources */,
				7191114C24BCBD9C00070A32 /* Frameworks */,
				7191114D24BCBD9C00070A32 /* Resources */,
			);
			buildRules = (
			);
			dependencies = (
				7191115124BCBD9C00070A32 /* PBXTargetDependency */,
			);
			name = ProlificTests;
			productName = ProlificTests;
			productReference = 7191114F24BCBD9C00070A32 /* ProlificTests.xctest */;
			productType = "com.apple.product-type.bundle.unit-test";
		};
		7191115924BCBD9C00070A32 /* ProlificUITests */ = {
			isa = PBXNativeTarget;
			buildConfigurationList = 7191116924BCBD9C00070A32 /* Build configuration list for PBXNativeTarget "ProlificUITests" */;
			buildPhases = (
				CB3BEFCE30B164F05A900E3B /* [CP] Check Pods Manifest.lock */,
				7191115624BCBD9C00070A32 /* Sources */,
				7191115724BCBD9C00070A32 /* Frameworks */,
				7191115824BCBD9C00070A32 /* Resources */,
				53C0AAE931449576223E3CFB /* [CP] Embed Pods Frameworks */,
			);
			buildRules = (
			);
			dependencies = (
				7191115C24BCBD9C00070A32 /* PBXTargetDependency */,
			);
			name = ProlificUITests;
			productName = ProlificUITests;
			productReference = 7191115A24BCBD9C00070A32 /* ProlificUITests.xctest */;
			productType = "com.apple.product-type.bundle.ui-testing";
		};
/* End PBXNativeTarget section */

/* Begin PBXProject section */
		7191112C24BCBD9B00070A32 /* Project object */ = {
			isa = PBXProject;
			attributes = {
				LastUpgradeCheck = 1150;
				ORGANIZATIONNAME = meganyu;
				TargetAttributes = {
					7191113324BCBD9B00070A32 = {
						CreatedOnToolsVersion = 11.5;
					};
					7191114E24BCBD9C00070A32 = {
						CreatedOnToolsVersion = 11.5;
						TestTargetID = 7191113324BCBD9B00070A32;
					};
					7191115924BCBD9C00070A32 = {
						CreatedOnToolsVersion = 11.5;
						TestTargetID = 7191113324BCBD9B00070A32;
					};
				};
			};
			buildConfigurationList = 7191112F24BCBD9B00070A32 /* Build configuration list for PBXProject "Prolific" */;
			compatibilityVersion = "Xcode 9.3";
			developmentRegion = en;
			hasScannedForEncodings = 0;
			knownRegions = (
				en,
				Base,
			);
			mainGroup = 7191112B24BCBD9B00070A32;
			productRefGroup = 7191113524BCBD9B00070A32 /* Products */;
			projectDirPath = "";
			projectRoot = "";
			targets = (
				7191113324BCBD9B00070A32 /* Prolific */,
				7191114E24BCBD9C00070A32 /* ProlificTests */,
				7191115924BCBD9C00070A32 /* ProlificUITests */,
			);
		};
/* End PBXProject section */

/* Begin PBXResourcesBuildPhase section */
		7191113224BCBD9B00070A32 /* Resources */ = {
			isa = PBXResourcesBuildPhase;
			buildActionMask = 2147483647;
			files = (
				7191114724BCBD9C00070A32 /* LaunchScreen.storyboard in Resources */,
				7191114424BCBD9C00070A32 /* Assets.xcassets in Resources */,
				7165D15C24BE3BA5008E64CD /* GoogleService-Info.plist in Resources */,
				7186FB2D24D4E01600B2F4A0 /* 7773-loading.json in Resources */,
				7186FB3024D4ECC000B2F4A0 /* 6541-loading.json in Resources */,
			);
			runOnlyForDeploymentPostprocessing = 0;
		};
		7191114D24BCBD9C00070A32 /* Resources */ = {
			isa = PBXResourcesBuildPhase;
			buildActionMask = 2147483647;
			files = (
				7165D15D24BE3BA5008E64CD /* GoogleService-Info.plist in Resources */,
			);
			runOnlyForDeploymentPostprocessing = 0;
		};
		7191115824BCBD9C00070A32 /* Resources */ = {
			isa = PBXResourcesBuildPhase;
			buildActionMask = 2147483647;
			files = (
				7165D15E24BE3BA5008E64CD /* GoogleService-Info.plist in Resources */,
			);
			runOnlyForDeploymentPostprocessing = 0;
		};
/* End PBXResourcesBuildPhase section */

/* Begin PBXShellScriptBuildPhase section */
		1A26DBAE84B8DEF060774781 /* [CP] Check Pods Manifest.lock */ = {
			isa = PBXShellScriptBuildPhase;
			buildActionMask = 2147483647;
			files = (
			);
			inputFileListPaths = (
			);
			inputPaths = (
				"${PODS_PODFILE_DIR_PATH}/Podfile.lock",
				"${PODS_ROOT}/Manifest.lock",
			);
			name = "[CP] Check Pods Manifest.lock";
			outputFileListPaths = (
			);
			outputPaths = (
				"$(DERIVED_FILE_DIR)/Pods-Prolific-checkManifestLockResult.txt",
			);
			runOnlyForDeploymentPostprocessing = 0;
			shellPath = /bin/sh;
			shellScript = "diff \"${PODS_PODFILE_DIR_PATH}/Podfile.lock\" \"${PODS_ROOT}/Manifest.lock\" > /dev/null\nif [ $? != 0 ] ; then\n    # print error to STDERR\n    echo \"error: The sandbox is not in sync with the Podfile.lock. Run 'pod install' or update your CocoaPods installation.\" >&2\n    exit 1\nfi\n# This output is used by Xcode 'outputs' to avoid re-running this script phase.\necho \"SUCCESS\" > \"${SCRIPT_OUTPUT_FILE_0}\"\n";
			showEnvVarsInLog = 0;
		};
		53C0AAE931449576223E3CFB /* [CP] Embed Pods Frameworks */ = {
			isa = PBXShellScriptBuildPhase;
			buildActionMask = 2147483647;
			files = (
			);
			inputFileListPaths = (
				"${PODS_ROOT}/Target Support Files/Pods-Prolific-ProlificUITests/Pods-Prolific-ProlificUITests-frameworks-${CONFIGURATION}-input-files.xcfilelist",
			);
			name = "[CP] Embed Pods Frameworks";
			outputFileListPaths = (
				"${PODS_ROOT}/Target Support Files/Pods-Prolific-ProlificUITests/Pods-Prolific-ProlificUITests-frameworks-${CONFIGURATION}-output-files.xcfilelist",
			);
			runOnlyForDeploymentPostprocessing = 0;
			shellPath = /bin/sh;
			shellScript = "\"${PODS_ROOT}/Target Support Files/Pods-Prolific-ProlificUITests/Pods-Prolific-ProlificUITests-frameworks.sh\"\n";
			showEnvVarsInLog = 0;
		};
		CB3BEFCE30B164F05A900E3B /* [CP] Check Pods Manifest.lock */ = {
			isa = PBXShellScriptBuildPhase;
			buildActionMask = 2147483647;
			files = (
			);
			inputFileListPaths = (
			);
			inputPaths = (
				"${PODS_PODFILE_DIR_PATH}/Podfile.lock",
				"${PODS_ROOT}/Manifest.lock",
			);
			name = "[CP] Check Pods Manifest.lock";
			outputFileListPaths = (
			);
			outputPaths = (
				"$(DERIVED_FILE_DIR)/Pods-Prolific-ProlificUITests-checkManifestLockResult.txt",
			);
			runOnlyForDeploymentPostprocessing = 0;
			shellPath = /bin/sh;
			shellScript = "diff \"${PODS_PODFILE_DIR_PATH}/Podfile.lock\" \"${PODS_ROOT}/Manifest.lock\" > /dev/null\nif [ $? != 0 ] ; then\n    # print error to STDERR\n    echo \"error: The sandbox is not in sync with the Podfile.lock. Run 'pod install' or update your CocoaPods installation.\" >&2\n    exit 1\nfi\n# This output is used by Xcode 'outputs' to avoid re-running this script phase.\necho \"SUCCESS\" > \"${SCRIPT_OUTPUT_FILE_0}\"\n";
			showEnvVarsInLog = 0;
		};
		F4879A6271B70D55C97C20CD /* [CP] Check Pods Manifest.lock */ = {
			isa = PBXShellScriptBuildPhase;
			buildActionMask = 2147483647;
			files = (
			);
			inputFileListPaths = (
			);
			inputPaths = (
				"${PODS_PODFILE_DIR_PATH}/Podfile.lock",
				"${PODS_ROOT}/Manifest.lock",
			);
			name = "[CP] Check Pods Manifest.lock";
			outputFileListPaths = (
			);
			outputPaths = (
				"$(DERIVED_FILE_DIR)/Pods-ProlificTests-checkManifestLockResult.txt",
			);
			runOnlyForDeploymentPostprocessing = 0;
			shellPath = /bin/sh;
			shellScript = "diff \"${PODS_PODFILE_DIR_PATH}/Podfile.lock\" \"${PODS_ROOT}/Manifest.lock\" > /dev/null\nif [ $? != 0 ] ; then\n    # print error to STDERR\n    echo \"error: The sandbox is not in sync with the Podfile.lock. Run 'pod install' or update your CocoaPods installation.\" >&2\n    exit 1\nfi\n# This output is used by Xcode 'outputs' to avoid re-running this script phase.\necho \"SUCCESS\" > \"${SCRIPT_OUTPUT_FILE_0}\"\n";
			showEnvVarsInLog = 0;
		};
		FC41A8EF845542AD620D1A3A /* [CP] Embed Pods Frameworks */ = {
			isa = PBXShellScriptBuildPhase;
			buildActionMask = 2147483647;
			files = (
			);
			inputFileListPaths = (
				"${PODS_ROOT}/Target Support Files/Pods-Prolific/Pods-Prolific-frameworks-${CONFIGURATION}-input-files.xcfilelist",
			);
			name = "[CP] Embed Pods Frameworks";
			outputFileListPaths = (
				"${PODS_ROOT}/Target Support Files/Pods-Prolific/Pods-Prolific-frameworks-${CONFIGURATION}-output-files.xcfilelist",
			);
			runOnlyForDeploymentPostprocessing = 0;
			shellPath = /bin/sh;
			shellScript = "\"${PODS_ROOT}/Target Support Files/Pods-Prolific/Pods-Prolific-frameworks.sh\"\n";
			showEnvVarsInLog = 0;
		};
/* End PBXShellScriptBuildPhase section */

/* Begin PBXSourcesBuildPhase section */
		7191113024BCBD9B00070A32 /* Sources */ = {
			isa = PBXSourcesBuildPhase;
			buildActionMask = 2147483647;
			files = (
				717D22E524DDE98200A24B20 /* FloatingActionButton.m in Sources */,
				712A9E0424DC786F00B608ED /* ProlificErrorLogger.m in Sources */,
				71CF521D24C7A32A008DB4EF /* DAO.m in Sources */,
				710D62BE24DA197200DAFBD8 /* ComposeSnippetViewController.m in Sources */,
				710D62BD24DA191800DAFBD8 /* ProlificBaseViewController.m in Sources */,
				71F5B62D24E350A500680723 /* ProjectFeedCell.m in Sources */,
				71C2C70E24D8D05600C22C41 /* BadgeCell.m in Sources */,
				712A9E0724DCA18B00B608ED /* HorizontalProgressBar.m in Sources */,
				717D22E924DDEA8D00A24B20 /* CreateProjectViewController.m in Sources */,
				71CF521424C74B32008DB4EF /* SubmissionsViewController.m in Sources */,
				71CF521C24C77D14008DB4EF /* VoteButton.m in Sources */,
				711F75EA24D1D24B0050D5CF /* UserEngagementManager.m in Sources */,
				71CF520A24C6CD76008DB4EF /* NavigationManager.m in Sources */,
				7188D85C24C6568C00E50876 /* ProjectCell.m in Sources */,
				7188D85524C6522D00E50876 /* SnippetCell.m in Sources */,
				714D1F8224C2C1B100749291 /* ProjectDetailsViewController.m in Sources */,
				71C2D82424CF957500E12391 /* TextCell.m in Sources */,
				71483FF824CB9680004B352E /* ProfileViewController.m in Sources */,
				713AA08D24C1061F00A5950E /* Project.m in Sources */,
				711F75EE24D22BE00050D5CF /* RoundRanker.m in Sources */,
				713AA08C24C101B100A5950E /* ProjectBuilder.m in Sources */,
				71CF520924C66CF8008DB4EF /* SnippetCellView.m in Sources */,
				712A9DFA24DB657A00B608ED /* Badge.m in Sources */,
				71AA8EE424BFA60B00F7F9E1 /* HomeViewController.m in Sources */,
				71CF522524C9257A008DB4EF /* ProlificUtils.m in Sources */,
				7118C40A24BFA283005E1816 /* UserBuilder.m in Sources */,
				712A9DFE24DB659E00B608ED /* BadgeBuilder.m in Sources */,
				71F5B63124E352DD00680723 /* BadgeFeedCell.m in Sources */,
				7118C40924BFA25A005E1816 /* User.m in Sources */,
				7191118824BD234200070A32 /* LoginViewController.m in Sources */,
				71CF521824C7787B008DB4EF /* CountLabel.m in Sources */,
				7118C3F324BE888F005E1816 /* Entity.m in Sources */,
				711746E524BFC4F00021F9CD /* RoundBuilder.m in Sources */,
				71CF520624C66CC9008DB4EF /* BaseCellView.m in Sources */,
				71F55C4624CA36C000B266BF /* RoundCellView.m in Sources */,
				7191118124BD11CE00070A32 /* FavoritesViewController.m in Sources */,
				71F5B62924E32CCA00680723 /* FeedCell.m in Sources */,
				71C2D81F24CF679900E12391 /* CircularProgressBar.m in Sources */,
				7188D85824C6526F00E50876 /* RoundCell.m in Sources */,
				7165D15A24BE1B17008E64CD /* RegisterViewController.m in Sources */,
				711746E224BFBE570021F9CD /* SnippetBuilder.m in Sources */,
				71F5B62124E1EC0800680723 /* MenuBar.m in Sources */,
				7191117C24BD05C700070A32 /* MainTabBarController.m in Sources */,
				7188D85224C6521900E50876 /* BaseCell.m in Sources */,
				7191113924BCBD9B00070A32 /* AppDelegate.m in Sources */,
				7191114A24BCBD9C00070A32 /* main.m in Sources */,
				71A3076F24D09FF700F11B94 /* FollowButton.m in Sources */,
				71C2C70224D86ED200C22C41 /* FlipAnimator.m in Sources */,
				7191113C24BCBD9B00070A32 /* SceneDelegate.m in Sources */,
				71CF522124C891F5008DB4EF /* UIColor+ProlificColors.m in Sources */,
				7118C3F624BF607D005E1816 /* Snippet.m in Sources */,
				71C2C70924D8C8DD00C22C41 /* ProfileView.m in Sources */,
				7188D85B24C655AB00E50876 /* ProjectCellView.m in Sources */,
				71F55C4E24CB388300B266BF /* ProjectUpdateManager.m in Sources */,
				7118C3FC24BF681F005E1816 /* Round.m in Sources */,
			);
			runOnlyForDeploymentPostprocessing = 0;
		};
		7191114B24BCBD9C00070A32 /* Sources */ = {
			isa = PBXSourcesBuildPhase;
			buildActionMask = 2147483647;
			files = (
				7191115424BCBD9C00070A32 /* ProlificTests.m in Sources */,
			);
			runOnlyForDeploymentPostprocessing = 0;
		};
		7191115624BCBD9C00070A32 /* Sources */ = {
			isa = PBXSourcesBuildPhase;
			buildActionMask = 2147483647;
			files = (
				7191115F24BCBD9C00070A32 /* ProlificUITests.m in Sources */,
			);
			runOnlyForDeploymentPostprocessing = 0;
		};
/* End PBXSourcesBuildPhase section */

/* Begin PBXTargetDependency section */
		7191115124BCBD9C00070A32 /* PBXTargetDependency */ = {
			isa = PBXTargetDependency;
			target = 7191113324BCBD9B00070A32 /* Prolific */;
			targetProxy = 7191115024BCBD9C00070A32 /* PBXContainerItemProxy */;
		};
		7191115C24BCBD9C00070A32 /* PBXTargetDependency */ = {
			isa = PBXTargetDependency;
			target = 7191113324BCBD9B00070A32 /* Prolific */;
			targetProxy = 7191115B24BCBD9C00070A32 /* PBXContainerItemProxy */;
		};
/* End PBXTargetDependency section */

/* Begin PBXVariantGroup section */
		7191114524BCBD9C00070A32 /* LaunchScreen.storyboard */ = {
			isa = PBXVariantGroup;
			children = (
				7191114624BCBD9C00070A32 /* Base */,
			);
			name = LaunchScreen.storyboard;
			sourceTree = "<group>";
		};
/* End PBXVariantGroup section */

/* Begin XCBuildConfiguration section */
		7191116124BCBD9C00070A32 /* Debug */ = {
			isa = XCBuildConfiguration;
			buildSettings = {
				ALWAYS_SEARCH_USER_PATHS = NO;
				CLANG_ANALYZER_NONNULL = YES;
				CLANG_ANALYZER_NUMBER_OBJECT_CONVERSION = YES_AGGRESSIVE;
				CLANG_CXX_LANGUAGE_STANDARD = "gnu++14";
				CLANG_CXX_LIBRARY = "libc++";
				CLANG_ENABLE_MODULES = YES;
				CLANG_ENABLE_OBJC_ARC = YES;
				CLANG_ENABLE_OBJC_WEAK = YES;
				CLANG_WARN_BLOCK_CAPTURE_AUTORELEASING = YES;
				CLANG_WARN_BOOL_CONVERSION = YES;
				CLANG_WARN_COMMA = YES;
				CLANG_WARN_CONSTANT_CONVERSION = YES;
				CLANG_WARN_DEPRECATED_OBJC_IMPLEMENTATIONS = YES;
				CLANG_WARN_DIRECT_OBJC_ISA_USAGE = YES_ERROR;
				CLANG_WARN_DOCUMENTATION_COMMENTS = YES;
				CLANG_WARN_EMPTY_BODY = YES;
				CLANG_WARN_ENUM_CONVERSION = YES;
				CLANG_WARN_INFINITE_RECURSION = YES;
				CLANG_WARN_INT_CONVERSION = YES;
				CLANG_WARN_NON_LITERAL_NULL_CONVERSION = YES;
				CLANG_WARN_OBJC_IMPLICIT_RETAIN_SELF = YES;
				CLANG_WARN_OBJC_LITERAL_CONVERSION = YES;
				CLANG_WARN_OBJC_ROOT_CLASS = YES_ERROR;
				CLANG_WARN_RANGE_LOOP_ANALYSIS = YES;
				CLANG_WARN_STRICT_PROTOTYPES = YES;
				CLANG_WARN_SUSPICIOUS_MOVE = YES;
				CLANG_WARN_UNGUARDED_AVAILABILITY = YES_AGGRESSIVE;
				CLANG_WARN_UNREACHABLE_CODE = YES;
				CLANG_WARN__DUPLICATE_METHOD_MATCH = YES;
				COPY_PHASE_STRIP = NO;
				DEBUG_INFORMATION_FORMAT = dwarf;
				ENABLE_STRICT_OBJC_MSGSEND = YES;
				ENABLE_TESTABILITY = YES;
				GCC_C_LANGUAGE_STANDARD = gnu11;
				GCC_DYNAMIC_NO_PIC = NO;
				GCC_NO_COMMON_BLOCKS = YES;
				GCC_OPTIMIZATION_LEVEL = 0;
				GCC_PREPROCESSOR_DEFINITIONS = (
					"DEBUG=1",
					"$(inherited)",
				);
				GCC_WARN_64_TO_32_BIT_CONVERSION = YES;
				GCC_WARN_ABOUT_RETURN_TYPE = YES_ERROR;
				GCC_WARN_UNDECLARED_SELECTOR = YES;
				GCC_WARN_UNINITIALIZED_AUTOS = YES_AGGRESSIVE;
				GCC_WARN_UNUSED_FUNCTION = YES;
				GCC_WARN_UNUSED_VARIABLE = YES;
				IPHONEOS_DEPLOYMENT_TARGET = 13.5;
				MTL_ENABLE_DEBUG_INFO = INCLUDE_SOURCE;
				MTL_FAST_MATH = YES;
				ONLY_ACTIVE_ARCH = YES;
				SDKROOT = iphoneos;
			};
			name = Debug;
		};
		7191116224BCBD9C00070A32 /* Release */ = {
			isa = XCBuildConfiguration;
			buildSettings = {
				ALWAYS_SEARCH_USER_PATHS = NO;
				CLANG_ANALYZER_NONNULL = YES;
				CLANG_ANALYZER_NUMBER_OBJECT_CONVERSION = YES_AGGRESSIVE;
				CLANG_CXX_LANGUAGE_STANDARD = "gnu++14";
				CLANG_CXX_LIBRARY = "libc++";
				CLANG_ENABLE_MODULES = YES;
				CLANG_ENABLE_OBJC_ARC = YES;
				CLANG_ENABLE_OBJC_WEAK = YES;
				CLANG_WARN_BLOCK_CAPTURE_AUTORELEASING = YES;
				CLANG_WARN_BOOL_CONVERSION = YES;
				CLANG_WARN_COMMA = YES;
				CLANG_WARN_CONSTANT_CONVERSION = YES;
				CLANG_WARN_DEPRECATED_OBJC_IMPLEMENTATIONS = YES;
				CLANG_WARN_DIRECT_OBJC_ISA_USAGE = YES_ERROR;
				CLANG_WARN_DOCUMENTATION_COMMENTS = YES;
				CLANG_WARN_EMPTY_BODY = YES;
				CLANG_WARN_ENUM_CONVERSION = YES;
				CLANG_WARN_INFINITE_RECURSION = YES;
				CLANG_WARN_INT_CONVERSION = YES;
				CLANG_WARN_NON_LITERAL_NULL_CONVERSION = YES;
				CLANG_WARN_OBJC_IMPLICIT_RETAIN_SELF = YES;
				CLANG_WARN_OBJC_LITERAL_CONVERSION = YES;
				CLANG_WARN_OBJC_ROOT_CLASS = YES_ERROR;
				CLANG_WARN_RANGE_LOOP_ANALYSIS = YES;
				CLANG_WARN_STRICT_PROTOTYPES = YES;
				CLANG_WARN_SUSPICIOUS_MOVE = YES;
				CLANG_WARN_UNGUARDED_AVAILABILITY = YES_AGGRESSIVE;
				CLANG_WARN_UNREACHABLE_CODE = YES;
				CLANG_WARN__DUPLICATE_METHOD_MATCH = YES;
				COPY_PHASE_STRIP = NO;
				DEBUG_INFORMATION_FORMAT = "dwarf-with-dsym";
				ENABLE_NS_ASSERTIONS = NO;
				ENABLE_STRICT_OBJC_MSGSEND = YES;
				GCC_C_LANGUAGE_STANDARD = gnu11;
				GCC_NO_COMMON_BLOCKS = YES;
				GCC_WARN_64_TO_32_BIT_CONVERSION = YES;
				GCC_WARN_ABOUT_RETURN_TYPE = YES_ERROR;
				GCC_WARN_UNDECLARED_SELECTOR = YES;
				GCC_WARN_UNINITIALIZED_AUTOS = YES_AGGRESSIVE;
				GCC_WARN_UNUSED_FUNCTION = YES;
				GCC_WARN_UNUSED_VARIABLE = YES;
				IPHONEOS_DEPLOYMENT_TARGET = 13.5;
				MTL_ENABLE_DEBUG_INFO = NO;
				MTL_FAST_MATH = YES;
				SDKROOT = iphoneos;
				VALIDATE_PRODUCT = YES;
			};
			name = Release;
		};
		7191116424BCBD9C00070A32 /* Debug */ = {
			isa = XCBuildConfiguration;
			baseConfigurationReference = 36448502AFBC63625D8F6DF6 /* Pods-Prolific.debug.xcconfig */;
			buildSettings = {
				ASSETCATALOG_COMPILER_APPICON_NAME = AppIcon;
				CODE_SIGN_STYLE = Automatic;
				DEVELOPMENT_TEAM = 8652WRRVFY;
				INFOPLIST_FILE = Prolific/Info.plist;
				LD_RUNPATH_SEARCH_PATHS = (
					"$(inherited)",
					"@executable_path/Frameworks",
				);
				PRODUCT_BUNDLE_IDENTIFIER = com.meganyu.Prolific;
				PRODUCT_NAME = "$(TARGET_NAME)";
				TARGETED_DEVICE_FAMILY = "1,2";
			};
			name = Debug;
		};
		7191116524BCBD9C00070A32 /* Release */ = {
			isa = XCBuildConfiguration;
			baseConfigurationReference = A5748274C8BEA7C4A98F4685 /* Pods-Prolific.release.xcconfig */;
			buildSettings = {
				ASSETCATALOG_COMPILER_APPICON_NAME = AppIcon;
				CODE_SIGN_STYLE = Automatic;
				DEVELOPMENT_TEAM = 8652WRRVFY;
				INFOPLIST_FILE = Prolific/Info.plist;
				LD_RUNPATH_SEARCH_PATHS = (
					"$(inherited)",
					"@executable_path/Frameworks",
				);
				PRODUCT_BUNDLE_IDENTIFIER = com.meganyu.Prolific;
				PRODUCT_NAME = "$(TARGET_NAME)";
				TARGETED_DEVICE_FAMILY = "1,2";
			};
			name = Release;
		};
		7191116724BCBD9C00070A32 /* Debug */ = {
			isa = XCBuildConfiguration;
			baseConfigurationReference = 895ABB6EFDD0F5CE959475EC /* Pods-ProlificTests.debug.xcconfig */;
			buildSettings = {
				BUNDLE_LOADER = "$(TEST_HOST)";
				CODE_SIGN_STYLE = Automatic;
				DEVELOPMENT_TEAM = 8652WRRVFY;
				INFOPLIST_FILE = ProlificTests/Info.plist;
				IPHONEOS_DEPLOYMENT_TARGET = 13.5;
				LD_RUNPATH_SEARCH_PATHS = (
					"$(inherited)",
					"@executable_path/Frameworks",
					"@loader_path/Frameworks",
				);
				PRODUCT_BUNDLE_IDENTIFIER = com.meganyu.ProlificTests;
				PRODUCT_NAME = "$(TARGET_NAME)";
				TARGETED_DEVICE_FAMILY = "1,2";
				TEST_HOST = "$(BUILT_PRODUCTS_DIR)/Prolific.app/Prolific";
			};
			name = Debug;
		};
		7191116824BCBD9C00070A32 /* Release */ = {
			isa = XCBuildConfiguration;
			baseConfigurationReference = A6260867AA9F4FED5CC98E68 /* Pods-ProlificTests.release.xcconfig */;
			buildSettings = {
				BUNDLE_LOADER = "$(TEST_HOST)";
				CODE_SIGN_STYLE = Automatic;
				DEVELOPMENT_TEAM = 8652WRRVFY;
				INFOPLIST_FILE = ProlificTests/Info.plist;
				IPHONEOS_DEPLOYMENT_TARGET = 13.5;
				LD_RUNPATH_SEARCH_PATHS = (
					"$(inherited)",
					"@executable_path/Frameworks",
					"@loader_path/Frameworks",
				);
				PRODUCT_BUNDLE_IDENTIFIER = com.meganyu.ProlificTests;
				PRODUCT_NAME = "$(TARGET_NAME)";
				TARGETED_DEVICE_FAMILY = "1,2";
				TEST_HOST = "$(BUILT_PRODUCTS_DIR)/Prolific.app/Prolific";
			};
			name = Release;
		};
		7191116A24BCBD9C00070A32 /* Debug */ = {
			isa = XCBuildConfiguration;
			baseConfigurationReference = CC2AC76234C0858E2F457340 /* Pods-Prolific-ProlificUITests.debug.xcconfig */;
			buildSettings = {
				CODE_SIGN_STYLE = Automatic;
				DEVELOPMENT_TEAM = 8652WRRVFY;
				INFOPLIST_FILE = ProlificUITests/Info.plist;
				LD_RUNPATH_SEARCH_PATHS = (
					"$(inherited)",
					"@executable_path/Frameworks",
					"@loader_path/Frameworks",
				);
				PRODUCT_BUNDLE_IDENTIFIER = com.meganyu.ProlificUITests;
				PRODUCT_NAME = "$(TARGET_NAME)";
				TARGETED_DEVICE_FAMILY = "1,2";
				TEST_TARGET_NAME = Prolific;
			};
			name = Debug;
		};
		7191116B24BCBD9C00070A32 /* Release */ = {
			isa = XCBuildConfiguration;
			baseConfigurationReference = 86E09C354AD1F4F4E31F7726 /* Pods-Prolific-ProlificUITests.release.xcconfig */;
			buildSettings = {
				CODE_SIGN_STYLE = Automatic;
				DEVELOPMENT_TEAM = 8652WRRVFY;
				INFOPLIST_FILE = ProlificUITests/Info.plist;
				LD_RUNPATH_SEARCH_PATHS = (
					"$(inherited)",
					"@executable_path/Frameworks",
					"@loader_path/Frameworks",
				);
				PRODUCT_BUNDLE_IDENTIFIER = com.meganyu.ProlificUITests;
				PRODUCT_NAME = "$(TARGET_NAME)";
				TARGETED_DEVICE_FAMILY = "1,2";
				TEST_TARGET_NAME = Prolific;
			};
			name = Release;
		};
/* End XCBuildConfiguration section */

/* Begin XCConfigurationList section */
		7191112F24BCBD9B00070A32 /* Build configuration list for PBXProject "Prolific" */ = {
			isa = XCConfigurationList;
			buildConfigurations = (
				7191116124BCBD9C00070A32 /* Debug */,
				7191116224BCBD9C00070A32 /* Release */,
			);
			defaultConfigurationIsVisible = 0;
			defaultConfigurationName = Release;
		};
		7191116324BCBD9C00070A32 /* Build configuration list for PBXNativeTarget "Prolific" */ = {
			isa = XCConfigurationList;
			buildConfigurations = (
				7191116424BCBD9C00070A32 /* Debug */,
				7191116524BCBD9C00070A32 /* Release */,
			);
			defaultConfigurationIsVisible = 0;
			defaultConfigurationName = Release;
		};
		7191116624BCBD9C00070A32 /* Build configuration list for PBXNativeTarget "ProlificTests" */ = {
			isa = XCConfigurationList;
			buildConfigurations = (
				7191116724BCBD9C00070A32 /* Debug */,
				7191116824BCBD9C00070A32 /* Release */,
			);
			defaultConfigurationIsVisible = 0;
			defaultConfigurationName = Release;
		};
		7191116924BCBD9C00070A32 /* Build configuration list for PBXNativeTarget "ProlificUITests" */ = {
			isa = XCConfigurationList;
			buildConfigurations = (
				7191116A24BCBD9C00070A32 /* Debug */,
				7191116B24BCBD9C00070A32 /* Release */,
			);
			defaultConfigurationIsVisible = 0;
			defaultConfigurationName = Release;
		};
/* End XCConfigurationList section */
	};
	rootObject = 7191112C24BCBD9B00070A32 /* Project object */;
}
